{
  "version": 4,
  "terraform_version": "1.1.2",
  "serial": 60,
  "lineage": "dfcfc0d5-0cd5-e373-c347-b9a657693551",
  "outputs": {
    "connect": {
      "value": "gcloud container clusters get-credentials tf-jx-bold-crane --zone us-central1-a --project spring-asset-336120",
      "type": "string"
    },
    "next_install": {
      "value": "https://jenkins-x.io/docs/v3/guides/operator",
      "type": "string"
    }
  },
  "resources": [
    {
      "module": "module.jx",
      "mode": "data",
      "type": "google_client_config",
      "name": "default",
      "provider": "module.jx.provider[\"registry.terraform.io/hashicorp/google\"]",
      "instances": [
        {
          "schema_version": 0,
          "attributes": {
            "access_token": "ya29.a0ARrdaM_b6UvLM_FPzHHQ8_Ya7P4prcFNNlGDzaPJP2lcvLIhB97JSBlLz2_STtT7EwQnJUGszgaotB88jE83Ef_VILm0WElhr1Hz4TrKR7lW7XooeDMpRJ06Wp0cH5I_joZQUnFRCzkl29mV4ghowG4Hpmq7",
            "id": "projects/spring-asset-336120/regions//zones/",
            "project": "spring-asset-336120",
            "region": "",
            "zone": ""
          },
          "sensitive_attributes": []
        }
      ]
    },
    {
      "module": "module.jx",
      "mode": "managed",
      "type": "google_project_service",
      "name": "cloudbuild_api",
      "provider": "module.jx.provider[\"registry.terraform.io/hashicorp/google\"]",
      "instances": [
        {
          "schema_version": 0,
          "attributes": {
            "disable_dependent_services": null,
            "disable_on_destroy": false,
            "id": "spring-asset-336120/cloudbuild.googleapis.com",
            "project": "spring-asset-336120",
            "service": "cloudbuild.googleapis.com",
            "timeouts": null
          },
          "sensitive_attributes": [],
          "private": "eyJlMmJmYjczMC1lY2FhLTExZTYtOGY4OC0zNDM2M2JjN2M0YzAiOnsiY3JlYXRlIjoxMjAwMDAwMDAwMDAwLCJkZWxldGUiOjEyMDAwMDAwMDAwMDAsInJlYWQiOjYwMDAwMDAwMDAwMCwidXBkYXRlIjoxMjAwMDAwMDAwMDAwfX0="
        }
      ]
    },
    {
      "module": "module.jx",
      "mode": "managed",
      "type": "google_project_service",
      "name": "cloudresourcemanager_api",
      "provider": "module.jx.provider[\"registry.terraform.io/hashicorp/google\"]",
      "instances": [
        {
          "schema_version": 0,
          "attributes": {
            "disable_dependent_services": null,
            "disable_on_destroy": false,
            "id": "spring-asset-336120/cloudresourcemanager.googleapis.com",
            "project": "spring-asset-336120",
            "service": "cloudresourcemanager.googleapis.com",
            "timeouts": null
          },
          "sensitive_attributes": [],
          "private": "eyJlMmJmYjczMC1lY2FhLTExZTYtOGY4OC0zNDM2M2JjN2M0YzAiOnsiY3JlYXRlIjoxMjAwMDAwMDAwMDAwLCJkZWxldGUiOjEyMDAwMDAwMDAwMDAsInJlYWQiOjYwMDAwMDAwMDAwMCwidXBkYXRlIjoxMjAwMDAwMDAwMDAwfX0="
        }
      ]
    },
    {
      "module": "module.jx",
      "mode": "managed",
      "type": "google_project_service",
      "name": "compute_api",
      "provider": "module.jx.provider[\"registry.terraform.io/hashicorp/google\"]",
      "instances": [
        {
          "schema_version": 0,
          "attributes": {
            "disable_dependent_services": null,
            "disable_on_destroy": false,
            "id": "spring-asset-336120/compute.googleapis.com",
            "project": "spring-asset-336120",
            "service": "compute.googleapis.com",
            "timeouts": null
          },
          "sensitive_attributes": [],
          "private": "eyJlMmJmYjczMC1lY2FhLTExZTYtOGY4OC0zNDM2M2JjN2M0YzAiOnsiY3JlYXRlIjoxMjAwMDAwMDAwMDAwLCJkZWxldGUiOjEyMDAwMDAwMDAwMDAsInJlYWQiOjYwMDAwMDAwMDAwMCwidXBkYXRlIjoxMjAwMDAwMDAwMDAwfX0="
        }
      ]
    },
    {
      "module": "module.jx",
      "mode": "managed",
      "type": "google_project_service",
      "name": "container_api",
      "provider": "module.jx.provider[\"registry.terraform.io/hashicorp/google\"]",
      "instances": [
        {
          "schema_version": 0,
          "attributes": {
            "disable_dependent_services": null,
            "disable_on_destroy": false,
            "id": "spring-asset-336120/container.googleapis.com",
            "project": "spring-asset-336120",
            "service": "container.googleapis.com",
            "timeouts": null
          },
          "sensitive_attributes": [],
          "private": "eyJlMmJmYjczMC1lY2FhLTExZTYtOGY4OC0zNDM2M2JjN2M0YzAiOnsiY3JlYXRlIjoxMjAwMDAwMDAwMDAwLCJkZWxldGUiOjEyMDAwMDAwMDAwMDAsInJlYWQiOjYwMDAwMDAwMDAwMCwidXBkYXRlIjoxMjAwMDAwMDAwMDAwfX0="
        }
      ]
    },
    {
      "module": "module.jx",
      "mode": "managed",
      "type": "google_project_service",
      "name": "containeranalysis_api",
      "provider": "module.jx.provider[\"registry.terraform.io/hashicorp/google\"]",
      "instances": [
        {
          "schema_version": 0,
          "attributes": {
            "disable_dependent_services": null,
            "disable_on_destroy": false,
            "id": "spring-asset-336120/containeranalysis.googleapis.com",
            "project": "spring-asset-336120",
            "service": "containeranalysis.googleapis.com",
            "timeouts": null
          },
          "sensitive_attributes": [],
          "private": "eyJlMmJmYjczMC1lY2FhLTExZTYtOGY4OC0zNDM2M2JjN2M0YzAiOnsiY3JlYXRlIjoxMjAwMDAwMDAwMDAwLCJkZWxldGUiOjEyMDAwMDAwMDAwMDAsInJlYWQiOjYwMDAwMDAwMDAwMCwidXBkYXRlIjoxMjAwMDAwMDAwMDAwfX0="
        }
      ]
    },
    {
      "module": "module.jx",
      "mode": "managed",
      "type": "google_project_service",
      "name": "containerregistry_api",
      "provider": "module.jx.provider[\"registry.terraform.io/hashicorp/google\"]",
      "instances": [
        {
          "schema_version": 0,
          "attributes": {
            "disable_dependent_services": null,
            "disable_on_destroy": false,
            "id": "spring-asset-336120/containerregistry.googleapis.com",
            "project": "spring-asset-336120",
            "service": "containerregistry.googleapis.com",
            "timeouts": null
          },
          "sensitive_attributes": [],
          "private": "eyJlMmJmYjczMC1lY2FhLTExZTYtOGY4OC0zNDM2M2JjN2M0YzAiOnsiY3JlYXRlIjoxMjAwMDAwMDAwMDAwLCJkZWxldGUiOjEyMDAwMDAwMDAwMDAsInJlYWQiOjYwMDAwMDAwMDAwMCwidXBkYXRlIjoxMjAwMDAwMDAwMDAwfX0="
        }
      ]
    },
    {
      "module": "module.jx",
      "mode": "managed",
      "type": "google_project_service",
      "name": "iam_api",
      "provider": "module.jx.provider[\"registry.terraform.io/hashicorp/google\"]",
      "instances": [
        {
          "schema_version": 0,
          "attributes": {
            "disable_dependent_services": null,
            "disable_on_destroy": false,
            "id": "spring-asset-336120/iam.googleapis.com",
            "project": "spring-asset-336120",
            "service": "iam.googleapis.com",
            "timeouts": null
          },
          "sensitive_attributes": [],
          "private": "eyJlMmJmYjczMC1lY2FhLTExZTYtOGY4OC0zNDM2M2JjN2M0YzAiOnsiY3JlYXRlIjoxMjAwMDAwMDAwMDAwLCJkZWxldGUiOjEyMDAwMDAwMDAwMDAsInJlYWQiOjYwMDAwMDAwMDAwMCwidXBkYXRlIjoxMjAwMDAwMDAwMDAwfX0="
        }
      ]
    },
    {
      "module": "module.jx",
      "mode": "managed",
      "type": "google_project_service",
      "name": "serviceusage_api",
      "provider": "module.jx.provider[\"registry.terraform.io/hashicorp/google\"]",
      "instances": [
        {
          "schema_version": 0,
          "attributes": {
            "disable_dependent_services": null,
            "disable_on_destroy": false,
            "id": "spring-asset-336120/serviceusage.googleapis.com",
            "project": "spring-asset-336120",
            "service": "serviceusage.googleapis.com",
            "timeouts": null
          },
          "sensitive_attributes": [],
          "private": "eyJlMmJmYjczMC1lY2FhLTExZTYtOGY4OC0zNDM2M2JjN2M0YzAiOnsiY3JlYXRlIjoxMjAwMDAwMDAwMDAwLCJkZWxldGUiOjEyMDAwMDAwMDAwMDAsInJlYWQiOjYwMDAwMDAwMDAwMCwidXBkYXRlIjoxMjAwMDAwMDAwMDAwfX0="
        }
      ]
    },
    {
      "module": "module.jx",
      "mode": "managed",
      "type": "random_id",
      "name": "random",
      "provider": "module.jx.provider[\"registry.terraform.io/hashicorp/random\"]",
      "instances": [
        {
          "schema_version": 0,
          "attributes": {
            "b64_std": "zUV73OgJ",
            "b64_url": "zUV73OgJ",
            "byte_length": 6,
            "dec": "225698314512393",
            "hex": "cd457bdce809",
            "id": "zUV73OgJ",
            "keepers": null,
            "prefix": null
          },
          "sensitive_attributes": [],
          "private": "bnVsbA=="
        }
      ]
    },
    {
      "module": "module.jx",
      "mode": "managed",
      "type": "random_pet",
      "name": "current",
      "provider": "module.jx.provider[\"registry.terraform.io/hashicorp/random\"]",
      "instances": [
        {
          "schema_version": 0,
          "attributes": {
            "id": "tf-jx-bold-crane",
            "keepers": {
              "cluster_name": ""
            },
            "length": 2,
            "prefix": "tf-jx",
            "separator": "-"
          },
          "sensitive_attributes": [],
          "private": "bnVsbA=="
        }
      ]
    },
    {
      "module": "module.jx.module.cluster",
      "mode": "managed",
      "type": "google_container_cluster",
      "name": "jx_cluster",
      "provider": "module.jx.provider[\"registry.terraform.io/hashicorp/google\"]",
      "instances": [
        {
          "schema_version": 1,
          "attributes": {
            "addons_config": [
              {
                "cloudrun_config": [],
                "horizontal_pod_autoscaling": [],
                "http_load_balancing": [],
                "network_policy_config": [
                  {
                    "disabled": true
                  }
                ]
              }
            ],
            "authenticator_groups_config": [],
            "cluster_autoscaling": [
              {
                "auto_provisioning_defaults": [],
                "enabled": false,
                "resource_limits": []
              }
            ],
            "cluster_ipv4_cidr": "10.88.0.0/14",
            "database_encryption": [
              {
                "key_name": "",
                "state": "DECRYPTED"
              }
            ],
            "datapath_provider": "",
            "default_max_pods_per_node": 110,
            "default_snat_status": [
              {
                "disabled": false
              }
            ],
            "description": "jenkins-x cluster",
            "enable_autopilot": false,
            "enable_binary_authorization": false,
            "enable_intranode_visibility": false,
            "enable_kubernetes_alpha": false,
            "enable_legacy_abac": false,
            "enable_shielded_nodes": true,
            "enable_tpu": false,
            "endpoint": "35.193.60.44",
            "id": "projects/spring-asset-336120/locations/us-central1-a/clusters/tf-jx-bold-crane",
            "initial_node_count": 3,
            "instance_group_urls": [
              "https://www.googleapis.com/compute/v1/projects/spring-asset-336120/zones/us-central1-a/instanceGroups/gke-tf-jx-bold-crane-tf-jx-bold-crane-3a803c1f-grp"
            ],
            "ip_allocation_policy": [
              {
                "cluster_ipv4_cidr_block": "10.88.0.0/14",
                "cluster_secondary_range_name": "gke-tf-jx-bold-crane-pods-e0596783",
                "services_ipv4_cidr_block": "10.92.0.0/20",
                "services_secondary_range_name": "gke-tf-jx-bold-crane-services-e0596783"
              }
            ],
            "label_fingerprint": "a9dc16a7",
            "location": "us-central1-a",
            "logging_config": [
              {
                "enable_components": [
                  "SYSTEM_COMPONENTS",
                  "WORKLOADS"
                ]
              }
            ],
            "logging_service": "logging.googleapis.com/kubernetes",
            "maintenance_policy": [
              {
                "daily_maintenance_window": [
                  {
                    "duration": "PT4H0M0S",
                    "start_time": "03:00"
                  }
                ],
                "maintenance_exclusion": [],
                "recurring_window": []
              }
            ],
            "master_auth": [
              {
                "client_certificate": "",
                "client_certificate_config": [
                  {
                    "issue_client_certificate": false
                  }
                ],
                "client_key": "",
                "cluster_ca_certificate": "LS0tLS1CRUdJTiBDRVJUSUZJQ0FURS0tLS0tCk1JSUVMRENDQXBTZ0F3SUJBZ0lRYmtoQm1lSC9ZS2J6Y2VzYWIrUjJYekFOQmdrcWhraUc5dzBCQVFzRkFEQXYKTVMwd0t3WURWUVFERXlReFlUYzJOekV3T1MxbU5qRXhMVFEwWlRndFltUmpOeTAyTkRsaU16TTFNbU16TldFdwpJQmNOTWpJd01UQXlNRGd6TkRNeFdoZ1BNakExTVRFeU1qWXdPVE0wTXpGYU1DOHhMVEFyQmdOVkJBTVRKREZoCk56WTNNVEE1TFdZMk1URXRORFJsT0MxaVpHTTNMVFkwT1dJek16VXlZek0xWVRDQ0FhSXdEUVlKS29aSWh2Y04KQVFFQkJRQURnZ0dQQURDQ0FZb0NnZ0dCQU9vR0JpZFJFTVBtVDZ2eDFMYy93SDRtZ3JCMU9hci9Bb0JUNmVwMgpFaFVxdHhJeERXUUdLTVl4YTdZWmlIQzN3Wlk0LzByZE1sNHNISmkwdG9TdVN1V2tYL2NOeDJtQ1BQekxSK0JMCitUanZvOGpKT1ZIeXpMZ1JsVjBaYmEveTZzUnNuRkJMdTlBWTlqajhTV0Mvbmc4S3pISURSSjd1cklTc0I5MG4Ka3JwRHY3amsxL3lram9VVGw3S0s5bW1kQktXVHNVWU5qZTF0eUNaS0pqcml1SUhCQVF4aWNIYWd3NGVGV0ZvRApUNUJGZ1lXMDFURGFIOHlqcUV2aDBBaHZ6bVRZNjl4TVJ0K1hyOVZjbXplUCtoQkUzTjJkODdCU2F5a2lZTmpCCmJSVldxdnV2V3FYOUFHRHlHb2lLQ3RBN2d3ZXcvSUgzMTJPNVBsZTBWTGNPZEx0dXRNMmhMeVVKanFzdTFLc20KbnBRMEFQQ281SVZxcG90WStqZEoyRDBBRFhpMUxyNUIvdmtVZERSTS9wWUlnY3lZVFF0VW0vaktSUE9sT0NwRQpMTG9hbTZISHRnTjdyNzkwTnhhK2hsSUxHUWNMTVFJY3NBeTB2clBwTERaYTFBMURzZWpZcWI4d2hlQUpaa0h4Ckczc01EM0xtYkNjQ3ljUzBxWWVPTllUVU93SURBUUFCbzBJd1FEQU9CZ05WSFE4QkFmOEVCQU1DQWdRd0R3WUQKVlIwVEFRSC9CQVV3QXdFQi96QWRCZ05WSFE0RUZnUVVoeXpBaEpzMlRZZUxXZytTelBvZGRxRlNmRTR3RFFZSgpLb1pJaHZjTkFRRUxCUUFEZ2dHQkFKQWNjZzZYMmFvTkhxeEwwM3M4TWp5UGE0TytzbE5oMmZ5eExlMTFMRU9oClZVd2o5VXdwZ2V4NE15WEVUY3NBRllkY3BiZ3JoNjAwelJMSXBISndTNG00OWRtNDhmQzNQVTQ0aHRHVXpZWk0KcjVnNXBtd3VmRUNLeU1HQUFia2U3VW5tVUt6ZjRTUEdRbW5jY3lsdHF1bGVQalVhSmlCT1J6VTE0RGtLQ2QzbApOb2Iwa0xwSjI0ZDhlR1JhZzNWMXBhK2Nma0NycTZteFVJMVdFWHRQcFh3YjNEQTZONEw5cGgxdGsrQTc1N1BwCk1jdHF3N2c4eVlsU1paTG9Tb1R1MEdLS29SK2l4TC82cmI1bmQ1ZVhrSmVxK1NINGE0a0UwL1lYUFZUbWlMbzAKSDlaZlM5djRmUUo3eGVEM0h4S0JtTGxBZkFpODQvN1dEMW9NcjNWa3BSR1lRUm5TODNaSTJuQjJZQm9MeU1JTQpva0puK29TaGd5QVhsRGZ0SWZTT3BmQkg5SUFMUllYenJvTVRMVXpEb01keEhQUE9iazZqViswc0JjRzRKTkRPCjF4YXRQbjdlZm1YR0RWYmNiaTJ4NGxvWXVvcGgyZWwxanpWRTI0NlBNV2RRMHdVK0JycVFyOWNBQzNZYjdtVmcKWU55bCtaZHJBOExwUnphS3B2MUFzZz09Ci0tLS0tRU5EIENFUlRJRklDQVRFLS0tLS0K",
                "password": "",
                "username": ""
              }
            ],
            "master_authorized_networks_config": [],
            "master_version": "1.21.5-gke.1302",
            "min_master_version": null,
            "monitoring_config": [
              {
                "enable_components": [
                  "SYSTEM_COMPONENTS"
                ]
              }
            ],
            "monitoring_service": "monitoring.googleapis.com/kubernetes",
            "name": "tf-jx-bold-crane",
            "network": "projects/spring-asset-336120/global/networks/default",
            "network_policy": [
              {
                "enabled": false,
                "provider": "PROVIDER_UNSPECIFIED"
              }
            ],
            "networking_mode": "VPC_NATIVE",
            "node_config": [
              {
                "disk_size_gb": 100,
                "disk_type": "pd-standard",
                "guest_accelerator": [],
                "image_type": "COS_CONTAINERD",
                "labels": {},
                "local_ssd_count": 0,
                "machine_type": "n1-standard-2",
                "metadata": {
                  "disable-legacy-endpoints": "true"
                },
                "min_cpu_platform": "",
                "oauth_scopes": [
                  "https://www.googleapis.com/auth/cloud-platform",
                  "https://www.googleapis.com/auth/compute",
                  "https://www.googleapis.com/auth/devstorage.full_control",
                  "https://www.googleapis.com/auth/logging.write",
                  "https://www.googleapis.com/auth/monitoring",
                  "https://www.googleapis.com/auth/service.management",
                  "https://www.googleapis.com/auth/servicecontrol"
                ],
                "preemptible": false,
                "service_account": "default",
                "shielded_instance_config": [
                  {
                    "enable_integrity_monitoring": true,
                    "enable_secure_boot": false
                  }
                ],
                "tags": [],
                "taint": [],
                "workload_metadata_config": [
                  {
                    "mode": "GKE_METADATA",
                    "node_metadata": "GKE_METADATA_SERVER"
                  }
                ]
              }
            ],
            "node_locations": [],
            "node_pool": [
              {
                "autoscaling": [
                  {
                    "max_node_count": 5,
                    "min_node_count": 3
                  }
                ],
                "initial_node_count": 3,
                "instance_group_urls": [
                  "https://www.googleapis.com/compute/v1/projects/spring-asset-336120/zones/us-central1-a/instanceGroupManagers/gke-tf-jx-bold-crane-tf-jx-bold-crane-3a803c1f-grp"
                ],
                "management": [
                  {
                    "auto_repair": true,
                    "auto_upgrade": true
                  }
                ],
                "max_pods_per_node": 110,
                "name": "tf-jx-bold-crane-primary",
                "name_prefix": "",
                "node_config": [
                  {
                    "disk_size_gb": 100,
                    "disk_type": "pd-standard",
                    "guest_accelerator": [],
                    "image_type": "COS_CONTAINERD",
                    "labels": {},
                    "local_ssd_count": 0,
                    "machine_type": "n1-standard-2",
                    "metadata": {
                      "disable-legacy-endpoints": "true"
                    },
                    "min_cpu_platform": "",
                    "oauth_scopes": [
                      "https://www.googleapis.com/auth/cloud-platform",
                      "https://www.googleapis.com/auth/compute",
                      "https://www.googleapis.com/auth/devstorage.full_control",
                      "https://www.googleapis.com/auth/logging.write",
                      "https://www.googleapis.com/auth/monitoring",
                      "https://www.googleapis.com/auth/service.management",
                      "https://www.googleapis.com/auth/servicecontrol"
                    ],
                    "preemptible": false,
                    "service_account": "default",
                    "shielded_instance_config": [
                      {
                        "enable_integrity_monitoring": true,
                        "enable_secure_boot": false
                      }
                    ],
                    "tags": [],
                    "taint": [],
                    "workload_metadata_config": [
                      {
                        "mode": "GKE_METADATA",
                        "node_metadata": "GKE_METADATA_SERVER"
                      }
                    ]
                  }
                ],
                "node_count": 3,
                "node_locations": [
                  "us-central1-a"
                ],
                "upgrade_settings": [
                  {
                    "max_surge": 1,
                    "max_unavailable": 0
                  }
                ],
                "version": "1.21.5-gke.1302"
              }
            ],
            "node_version": "1.21.5-gke.1302",
            "operation": null,
            "pod_security_policy_config": [],
            "private_cluster_config": [],
            "private_ipv6_google_access": "",
            "project": "spring-asset-336120",
            "release_channel": [
              {
                "channel": "REGULAR"
              }
            ],
            "remove_default_node_pool": true,
            "resource_labels": {},
            "resource_usage_export_config": [],
            "self_link": "https://container.googleapis.com/v1beta1/projects/spring-asset-336120/zones/us-central1-a/clusters/tf-jx-bold-crane",
            "services_ipv4_cidr": "10.92.0.0/20",
            "subnetwork": "projects/spring-asset-336120/regions/us-central1/subnetworks/default",
            "timeouts": null,
            "tpu_ipv4_cidr_block": "",
            "vertical_pod_autoscaling": [],
            "workload_identity_config": [
              {
                "identity_namespace": "spring-asset-336120.svc.id.goog",
                "workload_pool": ""
              }
            ]
          },
          "sensitive_attributes": [],
          "private": "eyJlMmJmYjczMC1lY2FhLTExZTYtOGY4OC0zNDM2M2JjN2M0YzAiOnsiY3JlYXRlIjoyNDAwMDAwMDAwMDAwLCJkZWxldGUiOjI0MDAwMDAwMDAwMDAsInJlYWQiOjI0MDAwMDAwMDAwMDAsInVwZGF0ZSI6MzYwMDAwMDAwMDAwMH0sInNjaGVtYV92ZXJzaW9uIjoiMSJ9",
          "dependencies": [
            "module.jx.random_pet.current"
          ]
        }
      ]
    },
    {
      "module": "module.jx.module.cluster",
      "mode": "managed",
      "type": "google_container_node_pool",
      "name": "primary",
      "provider": "module.jx.provider[\"registry.terraform.io/hashicorp/google\"]",
      "instances": [
        {
          "schema_version": 1,
          "attributes": {
            "autoscaling": [
              {
                "max_node_count": 5,
                "min_node_count": 3
              }
            ],
            "cluster": "tf-jx-bold-crane",
            "id": "projects/spring-asset-336120/locations/us-central1-a/clusters/tf-jx-bold-crane/nodePools/tf-jx-bold-crane-primary",
            "initial_node_count": 3,
            "instance_group_urls": [
              "https://www.googleapis.com/compute/v1/projects/spring-asset-336120/zones/us-central1-a/instanceGroupManagers/gke-tf-jx-bold-crane-tf-jx-bold-crane-3a803c1f-grp"
            ],
            "location": "us-central1-a",
            "management": [
              {
                "auto_repair": true,
                "auto_upgrade": true
              }
            ],
            "max_pods_per_node": 110,
            "name": "tf-jx-bold-crane-primary",
            "name_prefix": "",
            "node_config": [
              {
                "disk_size_gb": 100,
                "disk_type": "pd-standard",
                "guest_accelerator": [],
                "image_type": "COS_CONTAINERD",
                "labels": {},
                "local_ssd_count": 0,
                "machine_type": "n1-standard-2",
                "metadata": {
                  "disable-legacy-endpoints": "true"
                },
                "min_cpu_platform": "",
                "oauth_scopes": [
                  "https://www.googleapis.com/auth/cloud-platform",
                  "https://www.googleapis.com/auth/compute",
                  "https://www.googleapis.com/auth/devstorage.full_control",
                  "https://www.googleapis.com/auth/logging.write",
                  "https://www.googleapis.com/auth/monitoring",
                  "https://www.googleapis.com/auth/service.management",
                  "https://www.googleapis.com/auth/servicecontrol"
                ],
                "preemptible": false,
                "service_account": "default",
                "shielded_instance_config": [
                  {
                    "enable_integrity_monitoring": true,
                    "enable_secure_boot": false
                  }
                ],
                "tags": [],
                "taint": [],
                "workload_metadata_config": [
                  {
                    "mode": "GKE_METADATA",
                    "node_metadata": "GKE_METADATA_SERVER"
                  }
                ]
              }
            ],
            "node_count": 3,
            "node_locations": [
              "us-central1-a"
            ],
            "operation": null,
            "project": "spring-asset-336120",
            "timeouts": null,
            "upgrade_settings": [
              {
                "max_surge": 1,
                "max_unavailable": 0
              }
            ],
            "version": "1.21.5-gke.1302"
          },
          "sensitive_attributes": [],
          "private": "eyJlMmJmYjczMC1lY2FhLTExZTYtOGY4OC0zNDM2M2JjN2M0YzAiOnsiY3JlYXRlIjoxODAwMDAwMDAwMDAwLCJkZWxldGUiOjE4MDAwMDAwMDAwMDAsInVwZGF0ZSI6MTgwMDAwMDAwMDAwMH0sInNjaGVtYV92ZXJzaW9uIjoiMSJ9",
          "dependencies": [
            "module.jx.module.cluster.google_container_cluster.jx_cluster",
            "module.jx.random_pet.current"
          ]
        }
      ]
    },
    {
      "module": "module.jx.module.cluster",
      "mode": "managed",
      "type": "google_project_iam_member",
      "name": "boot_sa_storage_object_admin_binding",
      "provider": "module.jx.provider[\"registry.terraform.io/hashicorp/google\"]",
      "instances": [
        {
          "index_key": 0,
          "schema_version": 0,
          "attributes": {
            "condition": [],
            "etag": "BwXUlk6iaks=",
            "id": "spring-asset-336120/roles/secretmanager.admin/serviceAccount:tf-jx-bold-crane-boot@spring-asset-336120.iam.gserviceaccount.com",
            "member": "serviceAccount:tf-jx-bold-crane-boot@spring-asset-336120.iam.gserviceaccount.com",
            "project": "spring-asset-336120",
            "role": "roles/secretmanager.admin"
          },
          "sensitive_attributes": [],
          "private": "bnVsbA==",
          "dependencies": [
            "module.jx.module.cluster.google_service_account.boot_sa",
            "module.jx.random_pet.current"
          ]
        }
      ]
    },
    {
      "module": "module.jx.module.cluster",
      "mode": "managed",
      "type": "google_project_iam_member",
      "name": "build_controller_sa_storage_admin_binding",
      "provider": "module.jx.provider[\"registry.terraform.io/hashicorp/google\"]",
      "instances": [
        {
          "schema_version": 0,
          "attributes": {
            "condition": [],
            "etag": "BwXUlk6iaks=",
            "id": "spring-asset-336120/roles/storage.admin/serviceAccount:tf-jx-bold-crane-bc@spring-asset-336120.iam.gserviceaccount.com",
            "member": "serviceAccount:tf-jx-bold-crane-bc@spring-asset-336120.iam.gserviceaccount.com",
            "project": "spring-asset-336120",
            "role": "roles/storage.admin"
          },
          "sensitive_attributes": [],
          "private": "bnVsbA==",
          "dependencies": [
            "module.jx.module.cluster.google_service_account.build_controller_sa",
            "module.jx.random_pet.current"
          ]
        }
      ]
    },
    {
      "module": "module.jx.module.cluster",
      "mode": "managed",
      "type": "google_project_iam_member",
      "name": "build_controller_sa_storage_object_admin_binding",
      "provider": "module.jx.provider[\"registry.terraform.io/hashicorp/google\"]",
      "instances": [
        {
          "schema_version": 0,
          "attributes": {
            "condition": [],
            "etag": "BwXUlk6iaks=",
            "id": "spring-asset-336120/roles/storage.objectAdmin/serviceAccount:tf-jx-bold-crane-bc@spring-asset-336120.iam.gserviceaccount.com",
            "member": "serviceAccount:tf-jx-bold-crane-bc@spring-asset-336120.iam.gserviceaccount.com",
            "project": "spring-asset-336120",
            "role": "roles/storage.objectAdmin"
          },
          "sensitive_attributes": [],
          "private": "bnVsbA==",
          "dependencies": [
            "module.jx.module.cluster.google_service_account.build_controller_sa",
            "module.jx.random_pet.current"
          ]
        }
      ]
    },
    {
      "module": "module.jx.module.cluster",
      "mode": "managed",
      "type": "google_project_iam_member",
      "name": "kaniko_sa_storage_admin_binding",
      "provider": "module.jx.provider[\"registry.terraform.io/hashicorp/google\"]",
      "instances": [
        {
          "schema_version": 0,
          "attributes": {
            "condition": [],
            "etag": "BwXUlk6iaks=",
            "id": "spring-asset-336120/roles/storage.admin/serviceAccount:tf-jx-bold-crane-ko@spring-asset-336120.iam.gserviceaccount.com",
            "member": "serviceAccount:tf-jx-bold-crane-ko@spring-asset-336120.iam.gserviceaccount.com",
            "project": "spring-asset-336120",
            "role": "roles/storage.admin"
          },
          "sensitive_attributes": [],
          "private": "bnVsbA==",
          "dependencies": [
            "module.jx.module.cluster.google_service_account.kaniko_sa",
            "module.jx.random_pet.current"
          ]
        }
      ]
    },
    {
      "module": "module.jx.module.cluster",
      "mode": "managed",
      "type": "google_project_iam_member",
      "name": "tekton_sa_project_viewer_binding",
      "provider": "module.jx.provider[\"registry.terraform.io/hashicorp/google\"]",
      "instances": [
        {
          "schema_version": 0,
          "attributes": {
            "condition": [],
            "etag": "BwXUlk6iaks=",
            "id": "spring-asset-336120/roles/viewer/serviceAccount:tf-jx-bold-crane-tekton@spring-asset-336120.iam.gserviceaccount.com",
            "member": "serviceAccount:tf-jx-bold-crane-tekton@spring-asset-336120.iam.gserviceaccount.com",
            "project": "spring-asset-336120",
            "role": "roles/viewer"
          },
          "sensitive_attributes": [],
          "private": "bnVsbA==",
          "dependencies": [
            "module.jx.module.cluster.google_service_account.tekton_sa",
            "module.jx.random_pet.current"
          ]
        }
      ]
    },
    {
      "module": "module.jx.module.cluster",
      "mode": "managed",
      "type": "google_project_iam_member",
      "name": "tekton_sa_storage_admin_binding",
      "provider": "module.jx.provider[\"registry.terraform.io/hashicorp/google\"]",
      "instances": [
        {
          "schema_version": 0,
          "attributes": {
            "condition": [],
            "etag": "BwXUlk6iaks=",
            "id": "spring-asset-336120/roles/storage.admin/serviceAccount:tf-jx-bold-crane-tekton@spring-asset-336120.iam.gserviceaccount.com",
            "member": "serviceAccount:tf-jx-bold-crane-tekton@spring-asset-336120.iam.gserviceaccount.com",
            "project": "spring-asset-336120",
            "role": "roles/storage.admin"
          },
          "sensitive_attributes": [],
          "private": "bnVsbA==",
          "dependencies": [
            "module.jx.module.cluster.google_service_account.tekton_sa",
            "module.jx.random_pet.current"
          ]
        }
      ]
    },
    {
      "module": "module.jx.module.cluster",
      "mode": "managed",
      "type": "google_project_iam_member",
      "name": "tekton_sa_storage_object_admin_binding",
      "provider": "module.jx.provider[\"registry.terraform.io/hashicorp/google\"]",
      "instances": [
        {
          "schema_version": 0,
          "attributes": {
            "condition": [],
            "etag": "BwXUlk6iaks=",
            "id": "spring-asset-336120/roles/storage.objectAdmin/serviceAccount:tf-jx-bold-crane-tekton@spring-asset-336120.iam.gserviceaccount.com",
            "member": "serviceAccount:tf-jx-bold-crane-tekton@spring-asset-336120.iam.gserviceaccount.com",
            "project": "spring-asset-336120",
            "role": "roles/storage.objectAdmin"
          },
          "sensitive_attributes": [],
          "private": "bnVsbA==",
          "dependencies": [
            "module.jx.module.cluster.google_service_account.tekton_sa",
            "module.jx.random_pet.current"
          ]
        }
      ]
    },
    {
      "module": "module.jx.module.cluster",
      "mode": "managed",
      "type": "google_project_iam_member",
      "name": "ui_sa_storage_admin_binding",
      "provider": "module.jx.provider[\"registry.terraform.io/hashicorp/google\"]",
      "instances": [
        {
          "index_key": 0,
          "schema_version": 0,
          "attributes": {
            "condition": [],
            "etag": "BwXUlk6iaks=",
            "id": "spring-asset-336120/roles/storage.admin/serviceAccount:tf-jx-bold-crane-jxui@spring-asset-336120.iam.gserviceaccount.com",
            "member": "serviceAccount:tf-jx-bold-crane-jxui@spring-asset-336120.iam.gserviceaccount.com",
            "project": "spring-asset-336120",
            "role": "roles/storage.admin"
          },
          "sensitive_attributes": [],
          "private": "bnVsbA==",
          "dependencies": [
            "module.jx.module.cluster.google_service_account.jxui_sa",
            "module.jx.random_pet.current"
          ]
        }
      ]
    },
    {
      "module": "module.jx.module.cluster",
      "mode": "managed",
      "type": "google_project_iam_member",
      "name": "ui_sa_storage_object_admin_binding",
      "provider": "module.jx.provider[\"registry.terraform.io/hashicorp/google\"]",
      "instances": [
        {
          "index_key": 0,
          "schema_version": 0,
          "attributes": {
            "condition": [],
            "etag": "BwXUlk6iaks=",
            "id": "spring-asset-336120/roles/storage.objectAdmin/serviceAccount:tf-jx-bold-crane-jxui@spring-asset-336120.iam.gserviceaccount.com",
            "member": "serviceAccount:tf-jx-bold-crane-jxui@spring-asset-336120.iam.gserviceaccount.com",
            "project": "spring-asset-336120",
            "role": "roles/storage.objectAdmin"
          },
          "sensitive_attributes": [],
          "private": "bnVsbA==",
          "dependencies": [
            "module.jx.module.cluster.google_service_account.jxui_sa",
            "module.jx.random_pet.current"
          ]
        }
      ]
    },
    {
      "module": "module.jx.module.cluster",
      "mode": "managed",
      "type": "google_service_account",
      "name": "boot_sa",
      "provider": "module.jx.provider[\"registry.terraform.io/hashicorp/google\"]",
      "instances": [
        {
          "index_key": 0,
          "schema_version": 0,
          "attributes": {
            "account_id": "tf-jx-bold-crane-boot",
            "description": "",
            "disabled": false,
            "display_name": "jx boot service account for cluster tf-jx-bold-crane",
            "email": "tf-jx-bold-crane-boot@spring-asset-336120.iam.gserviceaccount.com",
            "id": "projects/spring-asset-336120/serviceAccounts/tf-jx-bold-crane-boot@spring-asset-336120.iam.gserviceaccount.com",
            "name": "projects/spring-asset-336120/serviceAccounts/tf-jx-bold-crane-boot@spring-asset-336120.iam.gserviceaccount.com",
            "project": "spring-asset-336120",
            "timeouts": null,
            "unique_id": "110743515268954482528"
          },
          "sensitive_attributes": [],
          "private": "eyJlMmJmYjczMC1lY2FhLTExZTYtOGY4OC0zNDM2M2JjN2M0YzAiOnsiY3JlYXRlIjozMDAwMDAwMDAwMDB9fQ==",
          "dependencies": [
            "module.jx.random_pet.current"
          ]
        }
      ]
    },
    {
      "module": "module.jx.module.cluster",
      "mode": "managed",
      "type": "google_service_account",
      "name": "build_controller_sa",
      "provider": "module.jx.provider[\"registry.terraform.io/hashicorp/google\"]",
      "instances": [
        {
          "schema_version": 0,
          "attributes": {
            "account_id": "tf-jx-bold-crane-bc",
            "description": "",
            "disabled": false,
            "display_name": "Build controller service account for cluster tf-jx-bold-crane",
            "email": "tf-jx-bold-crane-bc@spring-asset-336120.iam.gserviceaccount.com",
            "id": "projects/spring-asset-336120/serviceAccounts/tf-jx-bold-crane-bc@spring-asset-336120.iam.gserviceaccount.com",
            "name": "projects/spring-asset-336120/serviceAccounts/tf-jx-bold-crane-bc@spring-asset-336120.iam.gserviceaccount.com",
            "project": "spring-asset-336120",
            "timeouts": null,
            "unique_id": "109249711587047531564"
          },
          "sensitive_attributes": [],
          "private": "eyJlMmJmYjczMC1lY2FhLTExZTYtOGY4OC0zNDM2M2JjN2M0YzAiOnsiY3JlYXRlIjozMDAwMDAwMDAwMDB9fQ==",
          "dependencies": [
            "module.jx.random_pet.current"
          ]
        }
      ]
    },
    {
      "module": "module.jx.module.cluster",
      "mode": "managed",
      "type": "google_service_account",
      "name": "jxui_sa",
      "provider": "module.jx.provider[\"registry.terraform.io/hashicorp/google\"]",
      "instances": [
        {
          "index_key": 0,
          "schema_version": 0,
          "attributes": {
            "account_id": "tf-jx-bold-crane-jxui",
            "description": "",
            "disabled": false,
            "display_name": "Jenkins X UI service account for cluster tf-jx-bold-crane",
            "email": "tf-jx-bold-crane-jxui@spring-asset-336120.iam.gserviceaccount.com",
            "id": "projects/spring-asset-336120/serviceAccounts/tf-jx-bold-crane-jxui@spring-asset-336120.iam.gserviceaccount.com",
            "name": "projects/spring-asset-336120/serviceAccounts/tf-jx-bold-crane-jxui@spring-asset-336120.iam.gserviceaccount.com",
            "project": "spring-asset-336120",
            "timeouts": null,
            "unique_id": "117948110109527200167"
          },
          "sensitive_attributes": [],
          "private": "eyJlMmJmYjczMC1lY2FhLTExZTYtOGY4OC0zNDM2M2JjN2M0YzAiOnsiY3JlYXRlIjozMDAwMDAwMDAwMDB9fQ==",
          "dependencies": [
            "module.jx.random_pet.current"
          ]
        }
      ]
    },
    {
      "module": "module.jx.module.cluster",
      "mode": "managed",
      "type": "google_service_account",
      "name": "kaniko_sa",
      "provider": "module.jx.provider[\"registry.terraform.io/hashicorp/google\"]",
      "instances": [
        {
          "schema_version": 0,
          "attributes": {
            "account_id": "tf-jx-bold-crane-ko",
            "description": "",
            "disabled": false,
            "display_name": "Kaniko service account for cluster tf-jx-bold-crane",
            "email": "tf-jx-bold-crane-ko@spring-asset-336120.iam.gserviceaccount.com",
            "id": "projects/spring-asset-336120/serviceAccounts/tf-jx-bold-crane-ko@spring-asset-336120.iam.gserviceaccount.com",
            "name": "projects/spring-asset-336120/serviceAccounts/tf-jx-bold-crane-ko@spring-asset-336120.iam.gserviceaccount.com",
            "project": "spring-asset-336120",
            "timeouts": null,
            "unique_id": "111669124840334500867"
          },
          "sensitive_attributes": [],
          "private": "eyJlMmJmYjczMC1lY2FhLTExZTYtOGY4OC0zNDM2M2JjN2M0YzAiOnsiY3JlYXRlIjozMDAwMDAwMDAwMDB9fQ==",
          "dependencies": [
            "module.jx.random_pet.current"
          ]
        }
      ]
    },
    {
      "module": "module.jx.module.cluster",
      "mode": "managed",
      "type": "google_service_account",
      "name": "tekton_sa",
      "provider": "module.jx.provider[\"registry.terraform.io/hashicorp/google\"]",
      "instances": [
        {
          "schema_version": 0,
          "attributes": {
            "account_id": "tf-jx-bold-crane-tekton",
            "description": "",
            "disabled": false,
            "display_name": "Tekton service account for cluster tf-jx-bold-crane",
            "email": "tf-jx-bold-crane-tekton@spring-asset-336120.iam.gserviceaccount.com",
            "id": "projects/spring-asset-336120/serviceAccounts/tf-jx-bold-crane-tekton@spring-asset-336120.iam.gserviceaccount.com",
            "name": "projects/spring-asset-336120/serviceAccounts/tf-jx-bold-crane-tekton@spring-asset-336120.iam.gserviceaccount.com",
            "project": "spring-asset-336120",
            "timeouts": null,
            "unique_id": "107304833948205719028"
          },
          "sensitive_attributes": [],
          "private": "eyJlMmJmYjczMC1lY2FhLTExZTYtOGY4OC0zNDM2M2JjN2M0YzAiOnsiY3JlYXRlIjozMDAwMDAwMDAwMDB9fQ==",
          "dependencies": [
            "module.jx.random_pet.current"
          ]
        }
      ]
    },
    {
      "module": "module.jx.module.cluster",
      "mode": "managed",
      "type": "google_service_account_iam_member",
      "name": "boot_sa_workload_identity_user",
      "provider": "module.jx.provider[\"registry.terraform.io/hashicorp/google\"]",
      "instances": [
        {
          "index_key": 0,
          "schema_version": 0,
          "attributes": {
            "condition": [],
            "etag": "BwXUlfona4Y=",
            "id": "projects/spring-asset-336120/serviceAccounts/tf-jx-bold-crane-boot@spring-asset-336120.iam.gserviceaccount.com/roles/iam.workloadIdentityUser/serviceAccount:spring-asset-336120.svc.id.goog[jx-git-operator/jx-boot-job]",
            "member": "serviceAccount:spring-asset-336120.svc.id.goog[jx-git-operator/jx-boot-job]",
            "role": "roles/iam.workloadIdentityUser",
            "service_account_id": "projects/spring-asset-336120/serviceAccounts/tf-jx-bold-crane-boot@spring-asset-336120.iam.gserviceaccount.com"
          },
          "sensitive_attributes": [],
          "private": "bnVsbA==",
          "dependencies": [
            "module.jx.module.cluster.google_service_account.boot_sa",
            "module.jx.random_pet.current"
          ]
        }
      ]
    },
    {
      "module": "module.jx.module.cluster",
      "mode": "managed",
      "type": "google_service_account_iam_member",
      "name": "bucketrepo_workload_identity_user",
      "provider": "module.jx.provider[\"registry.terraform.io/hashicorp/google\"]",
      "instances": [
        {
          "schema_version": 0,
          "attributes": {
            "condition": [],
            "etag": "BwXUlfosBNc=",
            "id": "projects/spring-asset-336120/serviceAccounts/tf-jx-bold-crane-bc@spring-asset-336120.iam.gserviceaccount.com/roles/iam.workloadIdentityUser/serviceAccount:spring-asset-336120.svc.id.goog[jx/bucketrepo-bucketrepo]",
            "member": "serviceAccount:spring-asset-336120.svc.id.goog[jx/bucketrepo-bucketrepo]",
            "role": "roles/iam.workloadIdentityUser",
            "service_account_id": "projects/spring-asset-336120/serviceAccounts/tf-jx-bold-crane-bc@spring-asset-336120.iam.gserviceaccount.com"
          },
          "sensitive_attributes": [],
          "private": "bnVsbA==",
          "dependencies": [
            "module.jx.module.cluster.google_service_account.build_controller_sa",
            "module.jx.random_pet.current"
          ]
        }
      ]
    },
    {
      "module": "module.jx.module.cluster",
      "mode": "managed",
      "type": "google_service_account_iam_member",
      "name": "build_controller_sa_workload_identity_user",
      "provider": "module.jx.provider[\"registry.terraform.io/hashicorp/google\"]",
      "instances": [
        {
          "schema_version": 0,
          "attributes": {
            "condition": [],
            "etag": "BwXUlfosBNc=",
            "id": "projects/spring-asset-336120/serviceAccounts/tf-jx-bold-crane-bc@spring-asset-336120.iam.gserviceaccount.com/roles/iam.workloadIdentityUser/serviceAccount:spring-asset-336120.svc.id.goog[jx/jenkins-x-controllerbuild]",
            "member": "serviceAccount:spring-asset-336120.svc.id.goog[jx/jenkins-x-controllerbuild]",
            "role": "roles/iam.workloadIdentityUser",
            "service_account_id": "projects/spring-asset-336120/serviceAccounts/tf-jx-bold-crane-bc@spring-asset-336120.iam.gserviceaccount.com"
          },
          "sensitive_attributes": [],
          "private": "bnVsbA==",
          "dependencies": [
            "module.jx.module.cluster.google_service_account.build_controller_sa",
            "module.jx.random_pet.current"
          ]
        }
      ]
    },
    {
      "module": "module.jx.module.cluster",
      "mode": "managed",
      "type": "google_service_account_iam_member",
      "name": "jxui_sa_workload_identity_user",
      "provider": "module.jx.provider[\"registry.terraform.io/hashicorp/google\"]",
      "instances": [
        {
          "index_key": 0,
          "schema_version": 0,
          "attributes": {
            "condition": [],
            "etag": "BwXUlfmnbAM=",
            "id": "projects/spring-asset-336120/serviceAccounts/tf-jx-bold-crane-jxui@spring-asset-336120.iam.gserviceaccount.com/roles/iam.workloadIdentityUser/serviceAccount:spring-asset-336120.svc.id.goog[jx/jx-pipelines-visualizer]",
            "member": "serviceAccount:spring-asset-336120.svc.id.goog[jx/jx-pipelines-visualizer]",
            "role": "roles/iam.workloadIdentityUser",
            "service_account_id": "projects/spring-asset-336120/serviceAccounts/tf-jx-bold-crane-jxui@spring-asset-336120.iam.gserviceaccount.com"
          },
          "sensitive_attributes": [],
          "private": "bnVsbA==",
          "dependencies": [
            "module.jx.random_pet.current",
            "module.jx.module.cluster.google_service_account.jxui_sa"
          ]
        }
      ]
    },
    {
      "module": "module.jx.module.cluster",
      "mode": "managed",
      "type": "google_service_account_iam_member",
      "name": "kaniko_sa_workload_identity_user",
      "provider": "module.jx.provider[\"registry.terraform.io/hashicorp/google\"]",
      "instances": [
        {
          "schema_version": 0,
          "attributes": {
            "condition": [],
            "etag": "BwXUlfnSEII=",
            "id": "projects/spring-asset-336120/serviceAccounts/tf-jx-bold-crane-ko@spring-asset-336120.iam.gserviceaccount.com/roles/iam.workloadIdentityUser/serviceAccount:spring-asset-336120.svc.id.goog[jx/kaniko-sa]",
            "member": "serviceAccount:spring-asset-336120.svc.id.goog[jx/kaniko-sa]",
            "role": "roles/iam.workloadIdentityUser",
            "service_account_id": "projects/spring-asset-336120/serviceAccounts/tf-jx-bold-crane-ko@spring-asset-336120.iam.gserviceaccount.com"
          },
          "sensitive_attributes": [],
          "private": "bnVsbA==",
          "dependencies": [
            "module.jx.random_pet.current",
            "module.jx.module.cluster.google_service_account.kaniko_sa"
          ]
        }
      ]
    },
    {
      "module": "module.jx.module.cluster",
      "mode": "managed",
      "type": "google_service_account_iam_member",
      "name": "tekton_sa_workload_identity_user",
      "provider": "module.jx.provider[\"registry.terraform.io/hashicorp/google\"]",
      "instances": [
        {
          "schema_version": 0,
          "attributes": {
            "condition": [],
            "etag": "BwXUlfmnTrE=",
            "id": "projects/spring-asset-336120/serviceAccounts/tf-jx-bold-crane-tekton@spring-asset-336120.iam.gserviceaccount.com/roles/iam.workloadIdentityUser/serviceAccount:spring-asset-336120.svc.id.goog[jx/tekton-bot]",
            "member": "serviceAccount:spring-asset-336120.svc.id.goog[jx/tekton-bot]",
            "role": "roles/iam.workloadIdentityUser",
            "service_account_id": "projects/spring-asset-336120/serviceAccounts/tf-jx-bold-crane-tekton@spring-asset-336120.iam.gserviceaccount.com"
          },
          "sensitive_attributes": [],
          "private": "bnVsbA==",
          "dependencies": [
            "module.jx.module.cluster.google_service_account.tekton_sa",
            "module.jx.random_pet.current"
          ]
        }
      ]
    },
    {
      "module": "module.jx.module.cluster",
      "mode": "managed",
      "type": "google_storage_bucket",
      "name": "log_bucket",
      "provider": "module.jx.provider[\"registry.terraform.io/hashicorp/google\"]",
      "instances": [
        {
          "index_key": 0,
          "schema_version": 0,
          "attributes": {
            "bucket_policy_only": false,
            "cors": [],
            "default_event_based_hold": false,
            "encryption": [],
            "force_destroy": false,
            "id": "logs-tf-jx-bold-crane-cd457bdce809",
            "labels": {},
            "lifecycle_rule": [],
            "location": "US",
            "logging": [],
            "name": "logs-tf-jx-bold-crane-cd457bdce809",
            "project": "spring-asset-336120",
            "requester_pays": false,
            "retention_policy": [],
            "self_link": "https://www.googleapis.com/storage/v1/b/logs-tf-jx-bold-crane-cd457bdce809",
            "storage_class": "STANDARD",
            "uniform_bucket_level_access": false,
            "url": "gs://logs-tf-jx-bold-crane-cd457bdce809",
            "versioning": [],
            "website": []
          },
          "sensitive_attributes": [],
          "private": "bnVsbA==",
          "dependencies": [
            "module.jx.random_id.random",
            "module.jx.random_pet.current"
          ]
        }
      ]
    },
    {
      "module": "module.jx.module.cluster",
      "mode": "managed",
      "type": "google_storage_bucket",
      "name": "report_bucket",
      "provider": "module.jx.provider[\"registry.terraform.io/hashicorp/google\"]",
      "instances": [
        {
          "index_key": 0,
          "schema_version": 0,
          "attributes": {
            "bucket_policy_only": false,
            "cors": [],
            "default_event_based_hold": false,
            "encryption": [],
            "force_destroy": false,
            "id": "reports-tf-jx-bold-crane-cd457bdce809",
            "labels": {},
            "lifecycle_rule": [],
            "location": "US",
            "logging": [],
            "name": "reports-tf-jx-bold-crane-cd457bdce809",
            "project": "spring-asset-336120",
            "requester_pays": false,
            "retention_policy": [],
            "self_link": "https://www.googleapis.com/storage/v1/b/reports-tf-jx-bold-crane-cd457bdce809",
            "storage_class": "STANDARD",
            "uniform_bucket_level_access": false,
            "url": "gs://reports-tf-jx-bold-crane-cd457bdce809",
            "versioning": [],
            "website": []
          },
          "sensitive_attributes": [],
          "private": "bnVsbA==",
          "dependencies": [
            "module.jx.random_id.random",
            "module.jx.random_pet.current"
          ]
        }
      ]
    },
    {
      "module": "module.jx.module.cluster",
      "mode": "managed",
      "type": "google_storage_bucket",
      "name": "repository_bucket",
      "provider": "module.jx.provider[\"registry.terraform.io/hashicorp/google\"]",
      "instances": [
        {
          "index_key": 0,
          "schema_version": 0,
          "attributes": {
            "bucket_policy_only": false,
            "cors": [],
            "default_event_based_hold": false,
            "encryption": [],
            "force_destroy": false,
            "id": "repository-tf-jx-bold-crane-cd457bdce809",
            "labels": {},
            "lifecycle_rule": [],
            "location": "US",
            "logging": [],
            "name": "repository-tf-jx-bold-crane-cd457bdce809",
            "project": "spring-asset-336120",
            "requester_pays": false,
            "retention_policy": [],
            "self_link": "https://www.googleapis.com/storage/v1/b/repository-tf-jx-bold-crane-cd457bdce809",
            "storage_class": "STANDARD",
            "uniform_bucket_level_access": false,
            "url": "gs://repository-tf-jx-bold-crane-cd457bdce809",
            "versioning": [],
            "website": []
          },
          "sensitive_attributes": [],
          "private": "bnVsbA==",
          "dependencies": [
            "module.jx.random_id.random",
            "module.jx.random_pet.current"
          ]
        }
      ]
    },
    {
      "module": "module.jx.module.cluster",
      "mode": "managed",
      "type": "kubernetes_config_map",
      "name": "jenkins_x_requirements",
      "provider": "module.jx.provider[\"registry.terraform.io/hashicorp/kubernetes\"]",
      "instances": [
        {
          "index_key": 0,
          "schema_version": 0,
          "attributes": {
            "binary_data": {},
            "data": {
              "jx-requirements.yml": "apiVersion: \"core.jenkins-x.io/v4beta1\"\nkind: Requirements\nspec:\n  cluster:\n    clusterName: \"tf-jx-bold-crane\"\n    project: \"spring-asset-336120\"\n    provider: gke\n    zone: \"us-central1-a\"\n  ingress:\n    domain: \"\"\n    externalDNS: false\n    tls:\n      email: \"\"\n      enabled: false\n      production: true\n  kuberhealthy: true\n  storage:\n    - name: logs\n      url: \"gs://logs-tf-jx-bold-crane-cd457bdce809\"\n    - name: reports\n      url: \"gs://reports-tf-jx-bold-crane-cd457bdce809\"\n    - name: repository\n      url: \"gs://repository-tf-jx-bold-crane-cd457bdce809\"\n  terraformVault: true\n  vault:\n    name: \"tf-jx-bold-crane\"\n    bucket: \"vault-tf-jx-bold-crane-cd457bdce809\"\n    key: \"crypto-key-tf-jx-bold-crane-cd457bdce809\"\n    keyring: \"keyring-tf-jx-bold-crane-cd457bdce809\"\n    serviceAccount: \"tf-jx-bold-crane-vt\"\n  webhook: \"lighthouse\""
            },
            "id": "default/terraform-jx-requirements",
            "metadata": [
              {
                "annotations": {},
                "generate_name": "",
                "generation": 0,
                "labels": {},
                "name": "terraform-jx-requirements",
                "namespace": "default",
                "resource_version": "3852",
                "self_link": "",
                "uid": "87f7d78c-3235-43cd-a00c-7c3af17a27f8"
              }
            ]
          },
          "sensitive_attributes": [],
          "private": "bnVsbA==",
          "dependencies": [
            "module.jx.module.backup.google_storage_bucket.backup_bucket",
            "module.jx.module.vault.google_project_service.cloudkms_api",
            "module.jx.module.vault.google_service_account_iam_member.vault_operator_workload_identity_user",
            "module.jx.module.vault.google_storage_bucket.vault_bucket",
            "module.jx.module.cluster.google_storage_bucket.report_bucket",
            "module.jx.module.vault.google_kms_key_ring.vault_keyring",
            "module.jx.module.vault.google_project_iam_member.vault_sa_cloudkms_crypto_binding",
            "module.jx.module.vault.google_service_account.vault_sa",
            "module.jx.data.google_client_config.default",
            "module.jx.module.backup.google_service_account.velero_sa",
            "module.jx.module.cluster.google_container_node_pool.primary",
            "module.jx.module.vault.google_service_account_iam_member.vault_auth_workload_identity_user",
            "module.jx.random_pet.current",
            "module.jx.random_id.random",
            "module.jx.module.cluster.google_container_cluster.jx_cluster",
            "module.jx.module.cluster.google_storage_bucket.log_bucket",
            "module.jx.module.cluster.google_storage_bucket.repository_bucket",
            "module.jx.module.vault.google_kms_crypto_key.vault_crypto_key",
            "module.jx.module.vault.google_project_iam_member.vault_sa_cloudkms_admin_binding",
            "module.jx.module.vault.google_project_iam_member.vault_sa_storage_object_admin_binding",
            "module.jx.module.vault.kubernetes_service_account.vault_sa"
          ]
        }
      ]
    },
    {
      "module": "module.jx.module.cluster.module.jx-health[0]",
      "mode": "managed",
      "type": "helm_release",
      "name": "cluster-checks",
      "provider": "module.jx.provider[\"registry.terraform.io/hashicorp/helm\"]",
      "instances": [
        {
          "schema_version": 0,
          "attributes": {
            "atomic": false,
            "chart": "jx-kh-check",
            "cleanup_on_fail": false,
            "create_namespace": true,
            "dependency_update": false,
            "description": null,
            "devel": null,
            "disable_crd_hooks": false,
            "disable_openapi_validation": false,
            "disable_webhooks": false,
            "force_update": false,
            "id": "cluster-checks",
            "keyring": null,
            "lint": false,
            "max_history": 0,
            "metadata": [
              {
                "app_version": "0.0.78",
                "chart": "jx-kh-check",
                "name": "cluster-checks",
                "namespace": "kuberhealthy",
                "revision": 1,
                "values": "{\"check\":{\"podRestarts\":{\"allNamespaces\":true,\"enabled\":true}},\"jxPodStatus\":{\"cluster\":{\"enabled\":true},\"enabled\":true},\"jxSecrets\":{\"cluster\":{\"enabled\":true},\"enabled\":true}}",
                "version": "0.0.78"
              }
            ],
            "name": "cluster-checks",
            "namespace": "kuberhealthy",
            "postrender": [],
            "recreate_pods": false,
            "render_subchart_notes": true,
            "replace": false,
            "repository": "https://jenkins-x-charts.github.io/repo",
            "repository_ca_file": null,
            "repository_cert_file": null,
            "repository_key_file": null,
            "repository_password": null,
            "repository_username": null,
            "reset_values": false,
            "reuse_values": false,
            "set": [
              {
                "name": "check.podRestarts.allNamespaces",
                "type": "",
                "value": "true"
              },
              {
                "name": "check.podRestarts.enabled",
                "type": "",
                "value": "true"
              },
              {
                "name": "jxPodStatus.cluster.enabled",
                "type": "",
                "value": "true"
              },
              {
                "name": "jxPodStatus.enabled",
                "type": "",
                "value": "true"
              },
              {
                "name": "jxSecrets.cluster.enabled",
                "type": "",
                "value": "true"
              },
              {
                "name": "jxSecrets.enabled",
                "type": "",
                "value": "true"
              }
            ],
            "set_sensitive": [],
            "set_string": [],
            "skip_crds": false,
            "status": "deployed",
            "timeout": 300,
            "values": null,
            "verify": false,
            "version": "0.0.78",
            "wait": true
          },
          "sensitive_attributes": [],
          "private": "bnVsbA==",
          "dependencies": [
            "module.jx.data.google_client_config.default",
            "module.jx.module.cluster.google_container_cluster.jx_cluster",
            "module.jx.module.cluster.google_container_node_pool.primary",
            "module.jx.module.cluster.module.jx-health.helm_release.kuberhealthy",
            "module.jx.random_pet.current"
          ]
        }
      ]
    },
    {
      "module": "module.jx.module.cluster.module.jx-health[0]",
      "mode": "managed",
      "type": "helm_release",
      "name": "health-checks-install",
      "provider": "module.jx.provider[\"registry.terraform.io/hashicorp/helm\"]",
      "instances": [
        {
          "schema_version": 0,
          "attributes": {
            "atomic": false,
            "chart": "jx-kh-check",
            "cleanup_on_fail": false,
            "create_namespace": true,
            "dependency_update": false,
            "description": null,
            "devel": null,
            "disable_crd_hooks": false,
            "disable_openapi_validation": false,
            "disable_webhooks": false,
            "force_update": false,
            "id": "health-checks-install",
            "keyring": null,
            "lint": false,
            "max_history": 0,
            "metadata": [
              {
                "app_version": "0.0.78",
                "chart": "jx-kh-check",
                "name": "health-checks-install",
                "namespace": "jx-git-operator",
                "revision": 1,
                "values": "{\"jxInstall\":{\"enabled\":true}}",
                "version": "0.0.78"
              }
            ],
            "name": "health-checks-install",
            "namespace": "jx-git-operator",
            "postrender": [],
            "recreate_pods": false,
            "render_subchart_notes": true,
            "replace": false,
            "repository": "https://jenkins-x-charts.github.io/repo",
            "repository_ca_file": null,
            "repository_cert_file": null,
            "repository_key_file": null,
            "repository_password": null,
            "repository_username": null,
            "reset_values": false,
            "reuse_values": false,
            "set": [
              {
                "name": "jxInstall.enabled",
                "type": "",
                "value": "true"
              }
            ],
            "set_sensitive": [],
            "set_string": [],
            "skip_crds": false,
            "status": "deployed",
            "timeout": 300,
            "values": null,
            "verify": false,
            "version": "0.0.78",
            "wait": true
          },
          "sensitive_attributes": [],
          "private": "bnVsbA==",
          "dependencies": [
            "module.jx.module.cluster.module.jx-health.helm_release.kuberhealthy",
            "module.jx.random_pet.current",
            "module.jx.data.google_client_config.default",
            "module.jx.module.cluster.google_container_cluster.jx_cluster",
            "module.jx.module.cluster.google_container_node_pool.primary"
          ]
        }
      ]
    },
    {
      "module": "module.jx.module.cluster.module.jx-health[0]",
      "mode": "managed",
      "type": "helm_release",
      "name": "kuberhealthy",
      "provider": "module.jx.provider[\"registry.terraform.io/hashicorp/helm\"]",
      "instances": [
        {
          "schema_version": 0,
          "attributes": {
            "atomic": false,
            "chart": "kuberhealthy",
            "cleanup_on_fail": false,
            "create_namespace": true,
            "dependency_update": false,
            "description": null,
            "devel": null,
            "disable_crd_hooks": false,
            "disable_openapi_validation": false,
            "disable_webhooks": false,
            "force_update": false,
            "id": "kuberhealthy",
            "keyring": null,
            "lint": false,
            "max_history": 0,
            "metadata": [
              {
                "app_version": "v2.4.1",
                "chart": "kuberhealthy",
                "name": "kuberhealthy",
                "namespace": "kuberhealthy",
                "revision": 1,
                "values": "{\"check\":{\"daemonset\":{\"enabled\":true},\"deployment\":{\"enabled\":true},\"dnsInternal\":{\"enabled\":true},\"networkConnection\":{\"enabled\":true}}}",
                "version": "64"
              }
            ],
            "name": "kuberhealthy",
            "namespace": "kuberhealthy",
            "postrender": [],
            "recreate_pods": false,
            "render_subchart_notes": true,
            "replace": false,
            "repository": "https://kuberhealthy.github.io/kuberhealthy/helm-repos",
            "repository_ca_file": null,
            "repository_cert_file": null,
            "repository_key_file": null,
            "repository_password": null,
            "repository_username": null,
            "reset_values": false,
            "reuse_values": false,
            "set": [
              {
                "name": "check.daemonset.enabled",
                "type": "",
                "value": "true"
              },
              {
                "name": "check.deployment.enabled",
                "type": "",
                "value": "true"
              },
              {
                "name": "check.dnsInternal.enabled",
                "type": "",
                "value": "true"
              },
              {
                "name": "check.networkConnection.enabled",
                "type": "",
                "value": "true"
              }
            ],
            "set_sensitive": [],
            "set_string": [],
            "skip_crds": false,
            "status": "deployed",
            "timeout": 300,
            "values": null,
            "verify": false,
            "version": "64",
            "wait": true
          },
          "sensitive_attributes": [],
          "private": "bnVsbA==",
          "dependencies": [
            "module.jx.random_pet.current",
            "module.jx.data.google_client_config.default",
            "module.jx.module.cluster.google_container_cluster.jx_cluster",
            "module.jx.module.cluster.google_container_node_pool.primary"
          ]
        }
      ]
    },
    {
      "module": "module.jx.module.dns",
      "mode": "managed",
      "type": "google_project_iam_member",
      "name": "externaldns_sa_dns_admin_binding",
      "provider": "module.jx.provider[\"registry.terraform.io/hashicorp/google\"]",
      "instances": [
        {
          "schema_version": 0,
          "attributes": {
            "condition": [],
            "etag": "BwXUlk6iaks=",
            "id": "spring-asset-336120/roles/dns.admin/serviceAccount:tf-jx-bold-crane-dn@spring-asset-336120.iam.gserviceaccount.com",
            "member": "serviceAccount:tf-jx-bold-crane-dn@spring-asset-336120.iam.gserviceaccount.com",
            "project": "spring-asset-336120",
            "role": "roles/dns.admin"
          },
          "sensitive_attributes": [],
          "private": "bnVsbA==",
          "dependencies": [
            "module.jx.module.vault.google_kms_crypto_key.vault_crypto_key",
            "module.jx.module.vault.google_project_iam_member.vault_sa_storage_object_admin_binding",
            "module.jx.module.cluster.google_service_account.boot_sa",
            "module.jx.module.cluster.google_service_account.build_controller_sa",
            "module.jx.module.cluster.google_service_account.kaniko_sa",
            "module.jx.module.cluster.google_service_account.tekton_sa",
            "module.jx.module.cluster.kubernetes_namespace.jenkins_x_namespace",
            "module.jx.module.cluster.module.jx-health.helm_release.health-checks-install",
            "module.jx.random_id.random",
            "module.jx.module.cluster.google_project_iam_member.kaniko_sa_storage_admin_binding",
            "module.jx.module.cluster.google_service_account.jxui_sa",
            "module.jx.module.cluster.google_service_account_iam_member.bucketrepo_workload_identity_user",
            "module.jx.module.cluster.google_service_account_iam_member.kaniko_sa_workload_identity_user",
            "module.jx.module.cluster.google_storage_bucket.log_bucket",
            "module.jx.module.vault.google_project_service.cloudkms_api",
            "module.jx.module.cluster.google_project_iam_member.boot_sa_storage_object_admin_binding",
            "module.jx.module.cluster.helm_release.jx-git-operator",
            "module.jx.module.vault.google_project_iam_member.vault_sa_cloudkms_crypto_binding",
            "module.jx.module.vault.google_storage_bucket.vault_bucket",
            "module.jx.module.cluster.module.jx-health.helm_release.kuberhealthy",
            "module.jx.module.vault.google_service_account_iam_member.vault_operator_workload_identity_user",
            "module.jx.module.cluster.google_project_iam_member.build_controller_sa_storage_object_admin_binding",
            "module.jx.module.cluster.google_project_iam_member.ui_sa_storage_admin_binding",
            "module.jx.module.cluster.google_storage_bucket.repository_bucket",
            "module.jx.module.cluster.kubernetes_config_map.jenkins_x_requirements",
            "module.jx.module.cluster.kubernetes_service_account.kaniko_sa",
            "module.jx.module.cluster.kubernetes_service_account.tekton_sa",
            "module.jx.module.cluster.google_project_iam_member.build_controller_sa_storage_admin_binding",
            "module.jx.module.cluster.google_project_iam_member.tekton_sa_storage_object_admin_binding",
            "module.jx.module.vault.google_service_account.vault_sa",
            "module.jx.data.google_client_config.default",
            "module.jx.module.cluster.google_project_iam_member.ui_sa_storage_object_admin_binding",
            "module.jx.module.cluster.google_service_account_iam_member.boot_sa_workload_identity_user",
            "module.jx.module.cluster.google_service_account_iam_member.tekton_sa_workload_identity_user",
            "module.jx.module.cluster.module.jx-health.helm_release.cluster-checks",
            "module.jx.module.vault.kubernetes_service_account.vault_sa",
            "module.jx.module.cluster.google_storage_bucket.report_bucket",
            "module.jx.module.dns.google_service_account.dns_sa",
            "module.jx.module.backup.google_service_account.velero_sa",
            "module.jx.module.backup.google_storage_bucket.backup_bucket",
            "module.jx.module.cluster.google_container_cluster.jx_cluster",
            "module.jx.module.cluster.google_project_iam_member.tekton_sa_storage_admin_binding",
            "module.jx.module.cluster.google_service_account_iam_member.build_controller_sa_workload_identity_user",
            "module.jx.module.cluster.google_service_account_iam_member.jxui_sa_workload_identity_user",
            "module.jx.module.vault.google_service_account_iam_member.vault_auth_workload_identity_user",
            "module.jx.random_pet.current",
            "module.jx.module.cluster.google_container_node_pool.primary",
            "module.jx.module.cluster.google_project_iam_member.tekton_sa_project_viewer_binding",
            "module.jx.module.cluster.kubernetes_service_account.build_controller_sa",
            "module.jx.module.vault.google_kms_key_ring.vault_keyring",
            "module.jx.module.vault.google_project_iam_member.vault_sa_cloudkms_admin_binding"
          ]
        }
      ]
    },
    {
      "module": "module.jx.module.dns",
      "mode": "managed",
      "type": "google_project_service",
      "name": "dns_api",
      "provider": "module.jx.provider[\"registry.terraform.io/hashicorp/google\"]",
      "instances": [
        {
          "schema_version": 0,
          "attributes": {
            "disable_dependent_services": null,
            "disable_on_destroy": false,
            "id": "spring-asset-336120/dns.googleapis.com",
            "project": "spring-asset-336120",
            "service": "dns.googleapis.com",
            "timeouts": null
          },
          "sensitive_attributes": [],
          "private": "eyJlMmJmYjczMC1lY2FhLTExZTYtOGY4OC0zNDM2M2JjN2M0YzAiOnsiY3JlYXRlIjoxMjAwMDAwMDAwMDAwLCJkZWxldGUiOjEyMDAwMDAwMDAwMDAsInJlYWQiOjYwMDAwMDAwMDAwMCwidXBkYXRlIjoxMjAwMDAwMDAwMDAwfX0=",
          "dependencies": [
            "module.jx.module.cluster.google_project_iam_member.build_controller_sa_storage_admin_binding",
            "module.jx.module.vault.kubernetes_service_account.vault_sa",
            "module.jx.module.cluster.google_service_account.jxui_sa",
            "module.jx.module.cluster.google_storage_bucket.repository_bucket",
            "module.jx.module.vault.google_service_account_iam_member.vault_operator_workload_identity_user",
            "module.jx.module.vault.google_storage_bucket.vault_bucket",
            "module.jx.module.cluster.google_container_node_pool.primary",
            "module.jx.module.cluster.google_project_iam_member.build_controller_sa_storage_object_admin_binding",
            "module.jx.module.cluster.google_service_account_iam_member.boot_sa_workload_identity_user",
            "module.jx.module.backup.google_storage_bucket.backup_bucket",
            "module.jx.module.cluster.google_service_account.build_controller_sa",
            "module.jx.module.cluster.google_service_account.tekton_sa",
            "module.jx.module.cluster.google_service_account_iam_member.build_controller_sa_workload_identity_user",
            "module.jx.module.cluster.kubernetes_service_account.kaniko_sa",
            "module.jx.module.cluster.module.jx-health.helm_release.cluster-checks",
            "module.jx.module.cluster.module.jx-health.helm_release.kuberhealthy",
            "module.jx.module.vault.google_service_account_iam_member.vault_auth_workload_identity_user",
            "module.jx.module.cluster.google_service_account.boot_sa",
            "module.jx.module.cluster.google_service_account.kaniko_sa",
            "module.jx.module.cluster.kubernetes_config_map.jenkins_x_requirements",
            "module.jx.module.vault.google_project_iam_member.vault_sa_cloudkms_admin_binding",
            "module.jx.module.backup.google_service_account.velero_sa",
            "module.jx.module.cluster.google_service_account_iam_member.bucketrepo_workload_identity_user",
            "module.jx.module.cluster.kubernetes_namespace.jenkins_x_namespace",
            "module.jx.module.cluster.kubernetes_service_account.build_controller_sa",
            "module.jx.module.cluster.kubernetes_service_account.tekton_sa",
            "module.jx.module.vault.google_project_iam_member.vault_sa_storage_object_admin_binding",
            "module.jx.data.google_client_config.default",
            "module.jx.module.cluster.google_container_cluster.jx_cluster",
            "module.jx.module.cluster.google_project_iam_member.ui_sa_storage_object_admin_binding",
            "module.jx.module.cluster.google_service_account_iam_member.kaniko_sa_workload_identity_user",
            "module.jx.module.cluster.google_storage_bucket.log_bucket",
            "module.jx.module.cluster.google_storage_bucket.report_bucket",
            "module.jx.module.cluster.helm_release.jx-git-operator",
            "module.jx.module.vault.google_kms_crypto_key.vault_crypto_key",
            "module.jx.module.cluster.google_project_iam_member.boot_sa_storage_object_admin_binding",
            "module.jx.module.cluster.google_project_iam_member.ui_sa_storage_admin_binding",
            "module.jx.module.vault.google_project_service.cloudkms_api",
            "module.jx.module.vault.google_service_account.vault_sa",
            "module.jx.module.vault.google_kms_key_ring.vault_keyring",
            "module.jx.module.vault.google_project_iam_member.vault_sa_cloudkms_crypto_binding",
            "module.jx.module.cluster.google_project_iam_member.tekton_sa_storage_admin_binding",
            "module.jx.module.cluster.google_project_iam_member.tekton_sa_storage_object_admin_binding",
            "module.jx.module.cluster.google_service_account_iam_member.jxui_sa_workload_identity_user",
            "module.jx.module.cluster.google_service_account_iam_member.tekton_sa_workload_identity_user",
            "module.jx.module.cluster.module.jx-health.helm_release.health-checks-install",
            "module.jx.random_id.random",
            "module.jx.module.cluster.google_project_iam_member.kaniko_sa_storage_admin_binding",
            "module.jx.module.cluster.google_project_iam_member.tekton_sa_project_viewer_binding",
            "module.jx.random_pet.current"
          ]
        }
      ]
    },
    {
      "module": "module.jx.module.dns",
      "mode": "managed",
      "type": "google_service_account",
      "name": "dns_sa",
      "provider": "module.jx.provider[\"registry.terraform.io/hashicorp/google\"]",
      "instances": [
        {
          "schema_version": 0,
          "attributes": {
            "account_id": "tf-jx-bold-crane-dn",
            "description": "",
            "disabled": false,
            "display_name": "ExternalDNS service account for cluster tf-jx-bold-crane",
            "email": "tf-jx-bold-crane-dn@spring-asset-336120.iam.gserviceaccount.com",
            "id": "projects/spring-asset-336120/serviceAccounts/tf-jx-bold-crane-dn@spring-asset-336120.iam.gserviceaccount.com",
            "name": "projects/spring-asset-336120/serviceAccounts/tf-jx-bold-crane-dn@spring-asset-336120.iam.gserviceaccount.com",
            "project": "spring-asset-336120",
            "timeouts": null,
            "unique_id": "106821257062463217777"
          },
          "sensitive_attributes": [],
          "private": "eyJlMmJmYjczMC1lY2FhLTExZTYtOGY4OC0zNDM2M2JjN2M0YzAiOnsiY3JlYXRlIjozMDAwMDAwMDAwMDB9fQ==",
          "dependencies": [
            "module.jx.module.vault.google_service_account_iam_member.vault_operator_workload_identity_user",
            "module.jx.data.google_client_config.default",
            "module.jx.module.cluster.google_project_iam_member.build_controller_sa_storage_object_admin_binding",
            "module.jx.module.cluster.google_project_iam_member.tekton_sa_project_viewer_binding",
            "module.jx.module.cluster.google_storage_bucket.repository_bucket",
            "module.jx.module.cluster.kubernetes_config_map.jenkins_x_requirements",
            "module.jx.module.cluster.kubernetes_service_account.tekton_sa",
            "module.jx.module.cluster.google_project_iam_member.kaniko_sa_storage_admin_binding",
            "module.jx.module.cluster.google_project_iam_member.tekton_sa_storage_admin_binding",
            "module.jx.module.cluster.google_service_account.kaniko_sa",
            "module.jx.module.cluster.google_service_account_iam_member.tekton_sa_workload_identity_user",
            "module.jx.module.vault.google_project_iam_member.vault_sa_cloudkms_crypto_binding",
            "module.jx.module.vault.google_service_account_iam_member.vault_auth_workload_identity_user",
            "module.jx.module.vault.google_storage_bucket.vault_bucket",
            "module.jx.module.backup.google_storage_bucket.backup_bucket",
            "module.jx.module.cluster.google_service_account.tekton_sa",
            "module.jx.module.cluster.google_service_account_iam_member.boot_sa_workload_identity_user",
            "module.jx.module.cluster.helm_release.jx-git-operator",
            "module.jx.module.cluster.module.jx-health.helm_release.kuberhealthy",
            "module.jx.module.cluster.google_service_account.boot_sa",
            "module.jx.module.cluster.google_service_account_iam_member.jxui_sa_workload_identity_user",
            "module.jx.module.cluster.google_storage_bucket.log_bucket",
            "module.jx.module.cluster.google_storage_bucket.report_bucket",
            "module.jx.module.cluster.kubernetes_service_account.build_controller_sa",
            "module.jx.module.cluster.google_project_iam_member.tekton_sa_storage_object_admin_binding",
            "module.jx.module.cluster.google_project_iam_member.ui_sa_storage_admin_binding",
            "module.jx.module.cluster.google_service_account_iam_member.build_controller_sa_workload_identity_user",
            "module.jx.module.vault.google_project_service.cloudkms_api",
            "module.jx.module.vault.google_service_account.vault_sa",
            "module.jx.random_id.random",
            "module.jx.random_pet.current",
            "module.jx.module.cluster.google_container_node_pool.primary",
            "module.jx.module.vault.google_project_iam_member.vault_sa_cloudkms_admin_binding",
            "module.jx.module.vault.google_project_iam_member.vault_sa_storage_object_admin_binding",
            "module.jx.module.cluster.kubernetes_namespace.jenkins_x_namespace",
            "module.jx.module.cluster.kubernetes_service_account.kaniko_sa",
            "module.jx.module.cluster.module.jx-health.helm_release.cluster-checks",
            "module.jx.module.cluster.module.jx-health.helm_release.health-checks-install",
            "module.jx.module.vault.kubernetes_service_account.vault_sa",
            "module.jx.module.cluster.google_project_iam_member.ui_sa_storage_object_admin_binding",
            "module.jx.module.cluster.google_service_account.build_controller_sa",
            "module.jx.module.cluster.google_service_account.jxui_sa",
            "module.jx.module.cluster.google_project_iam_member.build_controller_sa_storage_admin_binding",
            "module.jx.module.cluster.google_service_account_iam_member.bucketrepo_workload_identity_user",
            "module.jx.module.cluster.google_service_account_iam_member.kaniko_sa_workload_identity_user",
            "module.jx.module.vault.google_kms_crypto_key.vault_crypto_key",
            "module.jx.module.vault.google_kms_key_ring.vault_keyring",
            "module.jx.module.backup.google_service_account.velero_sa",
            "module.jx.module.cluster.google_container_cluster.jx_cluster",
            "module.jx.module.cluster.google_project_iam_member.boot_sa_storage_object_admin_binding"
          ]
        }
      ]
    },
    {
      "module": "module.jx.module.dns",
      "mode": "managed",
      "type": "google_service_account_iam_member",
      "name": "certmanager_workload_identity_userv3",
      "provider": "module.jx.provider[\"registry.terraform.io/hashicorp/google\"]",
      "instances": [
        {
          "index_key": 0,
          "schema_version": 0,
          "attributes": {
            "condition": [],
            "etag": "BwXUlk7mfx0=",
            "id": "projects/spring-asset-336120/serviceAccounts/tf-jx-bold-crane-dn@spring-asset-336120.iam.gserviceaccount.com/roles/iam.workloadIdentityUser/serviceAccount:spring-asset-336120.svc.id.goog[cert-manager/cert-manager]",
            "member": "serviceAccount:spring-asset-336120.svc.id.goog[cert-manager/cert-manager]",
            "role": "roles/iam.workloadIdentityUser",
            "service_account_id": "projects/spring-asset-336120/serviceAccounts/tf-jx-bold-crane-dn@spring-asset-336120.iam.gserviceaccount.com"
          },
          "sensitive_attributes": [],
          "private": "bnVsbA==",
          "dependencies": [
            "module.jx.module.vault.kubernetes_service_account.vault_sa",
            "module.jx.module.cluster.google_service_account_iam_member.bucketrepo_workload_identity_user",
            "module.jx.module.cluster.google_storage_bucket.report_bucket",
            "module.jx.module.vault.google_project_iam_member.vault_sa_cloudkms_crypto_binding",
            "module.jx.module.vault.google_project_iam_member.vault_sa_storage_object_admin_binding",
            "module.jx.module.vault.google_storage_bucket.vault_bucket",
            "module.jx.module.cluster.google_container_node_pool.primary",
            "module.jx.module.cluster.google_project_iam_member.build_controller_sa_storage_object_admin_binding",
            "module.jx.module.cluster.kubernetes_service_account.kaniko_sa",
            "module.jx.module.cluster.module.jx-health.helm_release.cluster-checks",
            "module.jx.module.backup.google_service_account.velero_sa",
            "module.jx.module.backup.google_storage_bucket.backup_bucket",
            "module.jx.module.cluster.kubernetes_config_map.jenkins_x_requirements",
            "module.jx.module.dns.google_service_account.dns_sa",
            "module.jx.module.vault.google_project_service.cloudkms_api",
            "module.jx.module.cluster.google_project_iam_member.ui_sa_storage_object_admin_binding",
            "module.jx.module.cluster.google_service_account.build_controller_sa",
            "module.jx.module.cluster.google_service_account.tekton_sa",
            "module.jx.module.cluster.kubernetes_namespace.jenkins_x_namespace",
            "module.jx.module.cluster.module.jx-health.helm_release.health-checks-install",
            "module.jx.module.cluster.google_project_iam_member.kaniko_sa_storage_admin_binding",
            "module.jx.module.cluster.google_service_account_iam_member.kaniko_sa_workload_identity_user",
            "module.jx.module.cluster.helm_release.jx-git-operator",
            "module.jx.module.cluster.kubernetes_service_account.tekton_sa",
            "module.jx.module.vault.google_kms_crypto_key.vault_crypto_key",
            "module.jx.module.cluster.google_storage_bucket.repository_bucket",
            "module.jx.module.cluster.module.jx-health.helm_release.kuberhealthy",
            "module.jx.module.vault.google_service_account_iam_member.vault_auth_workload_identity_user",
            "module.jx.module.cluster.google_container_cluster.jx_cluster",
            "module.jx.module.cluster.google_project_iam_member.tekton_sa_storage_admin_binding",
            "module.jx.module.cluster.google_service_account.jxui_sa",
            "module.jx.module.cluster.google_service_account_iam_member.boot_sa_workload_identity_user",
            "module.jx.module.cluster.google_service_account_iam_member.tekton_sa_workload_identity_user",
            "module.jx.random_id.random",
            "module.jx.module.vault.google_kms_key_ring.vault_keyring",
            "module.jx.module.vault.google_service_account.vault_sa",
            "module.jx.module.vault.google_service_account_iam_member.vault_operator_workload_identity_user",
            "module.jx.module.cluster.google_project_iam_member.boot_sa_storage_object_admin_binding",
            "module.jx.module.cluster.google_service_account.kaniko_sa",
            "module.jx.module.cluster.google_service_account_iam_member.build_controller_sa_workload_identity_user",
            "module.jx.module.cluster.google_storage_bucket.log_bucket",
            "module.jx.module.cluster.kubernetes_service_account.build_controller_sa",
            "module.jx.random_pet.current",
            "module.jx.module.cluster.google_service_account.boot_sa",
            "module.jx.module.cluster.google_service_account_iam_member.jxui_sa_workload_identity_user",
            "module.jx.module.vault.google_project_iam_member.vault_sa_cloudkms_admin_binding",
            "module.jx.data.google_client_config.default",
            "module.jx.module.cluster.google_project_iam_member.build_controller_sa_storage_admin_binding",
            "module.jx.module.cluster.google_project_iam_member.tekton_sa_project_viewer_binding",
            "module.jx.module.cluster.google_project_iam_member.tekton_sa_storage_object_admin_binding",
            "module.jx.module.cluster.google_project_iam_member.ui_sa_storage_admin_binding"
          ]
        }
      ]
    },
    {
      "module": "module.jx.module.dns",
      "mode": "managed",
      "type": "google_service_account_iam_member",
      "name": "cm_cert_manager_workload_identity_user",
      "provider": "module.jx.provider[\"registry.terraform.io/hashicorp/google\"]",
      "instances": [
        {
          "schema_version": 0,
          "attributes": {
            "condition": [],
            "etag": "BwXUlk7mfx0=",
            "id": "projects/spring-asset-336120/serviceAccounts/tf-jx-bold-crane-dn@spring-asset-336120.iam.gserviceaccount.com/roles/iam.workloadIdentityUser/serviceAccount:spring-asset-336120.svc.id.goog[cert-manager/cm-cert-manager]",
            "member": "serviceAccount:spring-asset-336120.svc.id.goog[cert-manager/cm-cert-manager]",
            "role": "roles/iam.workloadIdentityUser",
            "service_account_id": "projects/spring-asset-336120/serviceAccounts/tf-jx-bold-crane-dn@spring-asset-336120.iam.gserviceaccount.com"
          },
          "sensitive_attributes": [],
          "private": "bnVsbA==",
          "dependencies": [
            "module.jx.module.cluster.google_project_iam_member.build_controller_sa_storage_admin_binding",
            "module.jx.module.cluster.google_project_iam_member.tekton_sa_storage_admin_binding",
            "module.jx.module.cluster.google_service_account_iam_member.boot_sa_workload_identity_user",
            "module.jx.module.cluster.google_storage_bucket.repository_bucket",
            "module.jx.module.vault.google_kms_crypto_key.vault_crypto_key",
            "module.jx.module.vault.google_service_account_iam_member.vault_operator_workload_identity_user",
            "module.jx.module.cluster.google_project_iam_member.kaniko_sa_storage_admin_binding",
            "module.jx.module.cluster.google_project_iam_member.tekton_sa_storage_object_admin_binding",
            "module.jx.module.cluster.google_service_account.jxui_sa",
            "module.jx.module.cluster.google_service_account_iam_member.build_controller_sa_workload_identity_user",
            "module.jx.module.cluster.google_service_account_iam_member.jxui_sa_workload_identity_user",
            "module.jx.module.vault.kubernetes_service_account.vault_sa",
            "module.jx.module.cluster.google_service_account_iam_member.tekton_sa_workload_identity_user",
            "module.jx.module.vault.google_project_iam_member.vault_sa_storage_object_admin_binding",
            "module.jx.module.vault.google_project_service.cloudkms_api",
            "module.jx.module.vault.google_service_account_iam_member.vault_auth_workload_identity_user",
            "module.jx.module.backup.google_service_account.velero_sa",
            "module.jx.module.cluster.google_project_iam_member.boot_sa_storage_object_admin_binding",
            "module.jx.module.cluster.google_project_iam_member.build_controller_sa_storage_object_admin_binding",
            "module.jx.module.cluster.google_project_iam_member.ui_sa_storage_admin_binding",
            "module.jx.module.cluster.google_service_account_iam_member.kaniko_sa_workload_identity_user",
            "module.jx.module.cluster.kubernetes_config_map.jenkins_x_requirements",
            "module.jx.module.cluster.kubernetes_namespace.jenkins_x_namespace",
            "module.jx.module.cluster.google_container_node_pool.primary",
            "module.jx.module.cluster.google_service_account.boot_sa",
            "module.jx.module.cluster.google_service_account.kaniko_sa",
            "module.jx.module.cluster.google_service_account.tekton_sa",
            "module.jx.module.cluster.google_storage_bucket.report_bucket",
            "module.jx.module.cluster.helm_release.jx-git-operator",
            "module.jx.module.cluster.kubernetes_service_account.build_controller_sa",
            "module.jx.module.dns.google_service_account.dns_sa",
            "module.jx.module.vault.google_project_iam_member.vault_sa_cloudkms_crypto_binding",
            "module.jx.module.vault.google_project_iam_member.vault_sa_cloudkms_admin_binding",
            "module.jx.module.cluster.google_project_iam_member.tekton_sa_project_viewer_binding",
            "module.jx.module.cluster.google_project_iam_member.ui_sa_storage_object_admin_binding",
            "module.jx.module.cluster.google_service_account_iam_member.bucketrepo_workload_identity_user",
            "module.jx.module.cluster.kubernetes_service_account.tekton_sa",
            "module.jx.module.cluster.module.jx-health.helm_release.health-checks-install",
            "module.jx.module.vault.google_kms_key_ring.vault_keyring",
            "module.jx.module.vault.google_storage_bucket.vault_bucket",
            "module.jx.random_id.random",
            "module.jx.data.google_client_config.default",
            "module.jx.module.cluster.google_container_cluster.jx_cluster",
            "module.jx.module.cluster.google_storage_bucket.log_bucket",
            "module.jx.module.cluster.module.jx-health.helm_release.cluster-checks",
            "module.jx.module.cluster.module.jx-health.helm_release.kuberhealthy",
            "module.jx.module.vault.google_service_account.vault_sa",
            "module.jx.random_pet.current",
            "module.jx.module.backup.google_storage_bucket.backup_bucket",
            "module.jx.module.cluster.google_service_account.build_controller_sa",
            "module.jx.module.cluster.kubernetes_service_account.kaniko_sa"
          ]
        }
      ]
    },
    {
      "module": "module.jx.module.dns",
      "mode": "managed",
      "type": "google_service_account_iam_member",
      "name": "exdns_external_dns_workload_identity_userv3",
      "provider": "module.jx.provider[\"registry.terraform.io/hashicorp/google\"]",
      "instances": [
        {
          "index_key": 0,
          "schema_version": 0,
          "attributes": {
            "condition": [],
            "etag": "BwXUlk7mfx0=",
            "id": "projects/spring-asset-336120/serviceAccounts/tf-jx-bold-crane-dn@spring-asset-336120.iam.gserviceaccount.com/roles/iam.workloadIdentityUser/serviceAccount:spring-asset-336120.svc.id.goog[jx/external-dns]",
            "member": "serviceAccount:spring-asset-336120.svc.id.goog[jx/external-dns]",
            "role": "roles/iam.workloadIdentityUser",
            "service_account_id": "projects/spring-asset-336120/serviceAccounts/tf-jx-bold-crane-dn@spring-asset-336120.iam.gserviceaccount.com"
          },
          "sensitive_attributes": [],
          "private": "bnVsbA==",
          "dependencies": [
            "module.jx.module.vault.kubernetes_service_account.vault_sa",
            "module.jx.random_pet.current",
            "module.jx.module.backup.google_storage_bucket.backup_bucket",
            "module.jx.module.cluster.google_container_node_pool.primary",
            "module.jx.module.cluster.google_service_account.boot_sa",
            "module.jx.module.cluster.google_service_account_iam_member.jxui_sa_workload_identity_user",
            "module.jx.module.cluster.module.jx-health.helm_release.kuberhealthy",
            "module.jx.module.vault.google_kms_crypto_key.vault_crypto_key",
            "module.jx.module.backup.google_service_account.velero_sa",
            "module.jx.module.cluster.google_service_account.tekton_sa",
            "module.jx.module.cluster.google_service_account_iam_member.build_controller_sa_workload_identity_user",
            "module.jx.module.cluster.google_service_account_iam_member.tekton_sa_workload_identity_user",
            "module.jx.module.cluster.google_project_iam_member.build_controller_sa_storage_admin_binding",
            "module.jx.module.cluster.google_project_iam_member.tekton_sa_storage_admin_binding",
            "module.jx.random_id.random",
            "module.jx.module.cluster.google_storage_bucket.log_bucket",
            "module.jx.module.cluster.google_storage_bucket.repository_bucket",
            "module.jx.module.cluster.kubernetes_config_map.jenkins_x_requirements",
            "module.jx.module.cluster.module.jx-health.helm_release.cluster-checks",
            "module.jx.data.google_client_config.default",
            "module.jx.module.cluster.google_project_iam_member.tekton_sa_project_viewer_binding",
            "module.jx.module.cluster.google_project_iam_member.ui_sa_storage_admin_binding",
            "module.jx.module.cluster.google_service_account_iam_member.kaniko_sa_workload_identity_user",
            "module.jx.module.cluster.module.jx-health.helm_release.health-checks-install",
            "module.jx.module.dns.google_service_account.dns_sa",
            "module.jx.module.vault.google_kms_key_ring.vault_keyring",
            "module.jx.module.vault.google_project_service.cloudkms_api",
            "module.jx.module.cluster.google_project_iam_member.boot_sa_storage_object_admin_binding",
            "module.jx.module.cluster.google_project_iam_member.build_controller_sa_storage_object_admin_binding",
            "module.jx.module.cluster.google_project_iam_member.kaniko_sa_storage_admin_binding",
            "module.jx.module.cluster.google_service_account.build_controller_sa",
            "module.jx.module.vault.google_service_account_iam_member.vault_operator_workload_identity_user",
            "module.jx.module.vault.google_storage_bucket.vault_bucket",
            "module.jx.module.cluster.google_service_account.jxui_sa",
            "module.jx.module.cluster.google_service_account_iam_member.bucketrepo_workload_identity_user",
            "module.jx.module.cluster.kubernetes_namespace.jenkins_x_namespace",
            "module.jx.module.cluster.kubernetes_service_account.tekton_sa",
            "module.jx.module.cluster.kubernetes_service_account.build_controller_sa",
            "module.jx.module.cluster.kubernetes_service_account.kaniko_sa",
            "module.jx.module.vault.google_service_account_iam_member.vault_auth_workload_identity_user",
            "module.jx.module.cluster.google_container_cluster.jx_cluster",
            "module.jx.module.cluster.google_project_iam_member.tekton_sa_storage_object_admin_binding",
            "module.jx.module.cluster.google_service_account.kaniko_sa",
            "module.jx.module.cluster.helm_release.jx-git-operator",
            "module.jx.module.vault.google_project_iam_member.vault_sa_cloudkms_crypto_binding",
            "module.jx.module.vault.google_project_iam_member.vault_sa_storage_object_admin_binding",
            "module.jx.module.vault.google_service_account.vault_sa",
            "module.jx.module.cluster.google_project_iam_member.ui_sa_storage_object_admin_binding",
            "module.jx.module.cluster.google_service_account_iam_member.boot_sa_workload_identity_user",
            "module.jx.module.cluster.google_storage_bucket.report_bucket",
            "module.jx.module.vault.google_project_iam_member.vault_sa_cloudkms_admin_binding"
          ]
        }
      ]
    },
    {
      "module": "module.jx.module.jx-boot",
      "mode": "managed",
      "type": "helm_release",
      "name": "vault-instance",
      "provider": "module.jx.provider[\"registry.terraform.io/hashicorp/helm\"]",
      "instances": [
        {
          "index_key": 0,
          "schema_version": 0,
          "attributes": {
            "atomic": false,
            "chart": "vault-instance",
            "cleanup_on_fail": false,
            "create_namespace": false,
            "dependency_update": false,
            "description": null,
            "devel": null,
            "disable_crd_hooks": false,
            "disable_openapi_validation": false,
            "disable_webhooks": false,
            "force_update": false,
            "id": "vault-instance",
            "keyring": null,
            "lint": false,
            "max_history": 0,
            "metadata": [
              {
                "app_version": "1.0.24",
                "chart": "vault-instance",
                "name": "vault-instance",
                "namespace": "jx-vault",
                "revision": 1,
                "values": "null",
                "version": "1.0.24"
              }
            ],
            "name": "vault-instance",
            "namespace": "jx-vault",
            "postrender": [],
            "recreate_pods": false,
            "render_subchart_notes": true,
            "replace": false,
            "repository": "https://jenkins-x-charts.github.io/repo",
            "repository_ca_file": null,
            "repository_cert_file": null,
            "repository_key_file": null,
            "repository_password": null,
            "repository_username": null,
            "reset_values": false,
            "reuse_values": false,
            "set": [],
            "set_sensitive": [],
            "set_string": [],
            "skip_crds": false,
            "status": "deployed",
            "timeout": 300,
            "values": null,
            "verify": false,
            "version": "1.0.24",
            "wait": true
          },
          "sensitive_attributes": [],
          "private": "bnVsbA==",
          "dependencies": [
            "module.jx.module.cluster.kubernetes_service_account.tekton_sa",
            "module.jx.module.vault.google_kms_crypto_key.vault_crypto_key",
            "module.jx.random_id.random",
            "module.jx.module.cluster.google_project_iam_member.tekton_sa_project_viewer_binding",
            "module.jx.module.cluster.google_project_iam_member.ui_sa_storage_object_admin_binding",
            "module.jx.module.cluster.google_service_account.kaniko_sa",
            "module.jx.module.cluster.google_service_account.boot_sa",
            "module.jx.module.cluster.google_service_account.tekton_sa",
            "module.jx.module.vault.google_kms_key_ring.vault_keyring",
            "module.jx.module.vault.google_project_iam_member.vault_sa_cloudkms_crypto_binding",
            "module.jx.module.vault.google_project_iam_member.vault_sa_storage_object_admin_binding",
            "module.jx.module.cluster.google_container_cluster.jx_cluster",
            "module.jx.module.cluster.google_project_iam_member.boot_sa_storage_object_admin_binding",
            "module.jx.module.cluster.google_project_iam_member.kaniko_sa_storage_admin_binding",
            "module.jx.module.vault.google_service_account_iam_member.vault_auth_workload_identity_user",
            "module.jx.module.vault.google_project_service.cloudkms_api",
            "module.jx.module.vault.kubernetes_service_account.vault_sa",
            "module.jx.module.cluster.google_service_account_iam_member.bucketrepo_workload_identity_user",
            "module.jx.module.cluster.google_storage_bucket.repository_bucket",
            "module.jx.module.cluster.module.jx-health.helm_release.kuberhealthy",
            "module.jx.module.cluster.google_project_iam_member.tekton_sa_storage_admin_binding",
            "module.jx.module.cluster.google_project_iam_member.tekton_sa_storage_object_admin_binding",
            "module.jx.module.cluster.google_service_account_iam_member.jxui_sa_workload_identity_user",
            "module.jx.module.cluster.google_service_account_iam_member.kaniko_sa_workload_identity_user",
            "module.jx.module.cluster.google_service_account_iam_member.tekton_sa_workload_identity_user",
            "module.jx.module.backup.google_service_account.velero_sa",
            "module.jx.module.cluster.google_container_node_pool.primary",
            "module.jx.module.cluster.google_project_iam_member.build_controller_sa_storage_object_admin_binding",
            "module.jx.module.cluster.module.jx-health.helm_release.health-checks-install",
            "module.jx.module.vault.google_storage_bucket.vault_bucket",
            "module.jx.module.jx-boot.helm_release.vault-operator",
            "module.jx.data.google_client_config.default",
            "module.jx.module.cluster.google_project_iam_member.build_controller_sa_storage_admin_binding",
            "module.jx.module.cluster.google_service_account_iam_member.boot_sa_workload_identity_user",
            "module.jx.module.cluster.google_service_account_iam_member.build_controller_sa_workload_identity_user",
            "module.jx.module.cluster.kubernetes_namespace.jenkins_x_namespace",
            "module.jx.module.cluster.kubernetes_service_account.build_controller_sa",
            "module.jx.module.cluster.module.jx-health.helm_release.cluster-checks",
            "module.jx.module.vault.google_service_account.vault_sa",
            "module.jx.module.backup.google_storage_bucket.backup_bucket",
            "module.jx.module.cluster.google_service_account.build_controller_sa",
            "module.jx.module.cluster.google_service_account.jxui_sa",
            "module.jx.module.cluster.kubernetes_service_account.kaniko_sa",
            "module.jx.module.vault.google_project_iam_member.vault_sa_cloudkms_admin_binding",
            "module.jx.module.vault.google_service_account_iam_member.vault_operator_workload_identity_user",
            "module.jx.random_pet.current",
            "module.jx.module.cluster.google_storage_bucket.report_bucket",
            "module.jx.module.cluster.helm_release.jx-git-operator",
            "module.jx.module.cluster.kubernetes_config_map.jenkins_x_requirements",
            "module.jx.module.cluster.google_project_iam_member.ui_sa_storage_admin_binding",
            "module.jx.module.cluster.google_storage_bucket.log_bucket"
          ]
        }
      ]
    },
    {
      "module": "module.jx.module.jx-boot",
      "mode": "managed",
      "type": "helm_release",
      "name": "vault-operator",
      "provider": "module.jx.provider[\"registry.terraform.io/hashicorp/helm\"]",
      "instances": [
        {
          "index_key": 0,
          "schema_version": 0,
          "attributes": {
            "atomic": false,
            "chart": "vault-operator",
            "cleanup_on_fail": false,
            "create_namespace": true,
            "dependency_update": false,
            "description": null,
            "devel": null,
            "disable_crd_hooks": false,
            "disable_openapi_validation": false,
            "disable_webhooks": false,
            "force_update": false,
            "id": "vault-operator",
            "keyring": null,
            "lint": false,
            "max_history": 0,
            "metadata": [
              {
                "app_version": "1.14.3",
                "chart": "vault-operator",
                "name": "vault-operator",
                "namespace": "jx-vault",
                "revision": 1,
                "values": "null",
                "version": "1.14.3"
              }
            ],
            "name": "vault-operator",
            "namespace": "jx-vault",
            "postrender": [],
            "recreate_pods": false,
            "render_subchart_notes": true,
            "replace": false,
            "repository": "https://kubernetes-charts.banzaicloud.com",
            "repository_ca_file": null,
            "repository_cert_file": null,
            "repository_key_file": null,
            "repository_password": null,
            "repository_username": null,
            "reset_values": false,
            "reuse_values": false,
            "set": [],
            "set_sensitive": [],
            "set_string": [],
            "skip_crds": false,
            "status": "deployed",
            "timeout": 300,
            "values": null,
            "verify": false,
            "version": "1.14.3",
            "wait": true
          },
          "sensitive_attributes": [],
          "private": "bnVsbA==",
          "dependencies": [
            "module.jx.module.cluster.google_service_account.build_controller_sa",
            "module.jx.module.cluster.google_storage_bucket.log_bucket",
            "module.jx.module.cluster.kubernetes_config_map.jenkins_x_requirements",
            "module.jx.module.cluster.google_service_account_iam_member.build_controller_sa_workload_identity_user",
            "module.jx.module.cluster.module.jx-health.helm_release.health-checks-install",
            "module.jx.module.vault.google_project_service.cloudkms_api",
            "module.jx.module.vault.google_service_account_iam_member.vault_auth_workload_identity_user",
            "module.jx.module.cluster.google_container_node_pool.primary",
            "module.jx.module.cluster.google_project_iam_member.tekton_sa_storage_admin_binding",
            "module.jx.module.cluster.google_service_account.boot_sa",
            "module.jx.module.cluster.google_service_account.jxui_sa",
            "module.jx.module.vault.google_service_account_iam_member.vault_operator_workload_identity_user",
            "module.jx.module.vault.google_storage_bucket.vault_bucket",
            "module.jx.data.google_client_config.default",
            "module.jx.module.cluster.google_service_account_iam_member.jxui_sa_workload_identity_user",
            "module.jx.module.vault.google_service_account.vault_sa",
            "module.jx.random_pet.current",
            "module.jx.module.cluster.helm_release.jx-git-operator",
            "module.jx.module.vault.google_project_iam_member.vault_sa_cloudkms_admin_binding",
            "module.jx.module.cluster.google_project_iam_member.kaniko_sa_storage_admin_binding",
            "module.jx.module.cluster.google_project_iam_member.tekton_sa_storage_object_admin_binding",
            "module.jx.module.cluster.google_service_account.tekton_sa",
            "module.jx.module.cluster.google_service_account_iam_member.kaniko_sa_workload_identity_user",
            "module.jx.module.cluster.google_container_cluster.jx_cluster",
            "module.jx.module.cluster.google_project_iam_member.boot_sa_storage_object_admin_binding",
            "module.jx.module.cluster.module.jx-health.helm_release.cluster-checks",
            "module.jx.module.cluster.google_service_account_iam_member.bucketrepo_workload_identity_user",
            "module.jx.module.cluster.google_storage_bucket.report_bucket",
            "module.jx.module.cluster.google_storage_bucket.repository_bucket",
            "module.jx.module.cluster.module.jx-health.helm_release.kuberhealthy",
            "module.jx.module.backup.google_service_account.velero_sa",
            "module.jx.module.cluster.google_project_iam_member.build_controller_sa_storage_admin_binding",
            "module.jx.module.cluster.google_project_iam_member.build_controller_sa_storage_object_admin_binding",
            "module.jx.module.cluster.google_project_iam_member.ui_sa_storage_admin_binding",
            "module.jx.module.vault.google_project_iam_member.vault_sa_cloudkms_crypto_binding",
            "module.jx.module.vault.kubernetes_service_account.vault_sa",
            "module.jx.random_id.random",
            "module.jx.module.cluster.google_project_iam_member.ui_sa_storage_object_admin_binding",
            "module.jx.module.cluster.google_service_account.kaniko_sa",
            "module.jx.module.cluster.kubernetes_service_account.build_controller_sa",
            "module.jx.module.cluster.kubernetes_service_account.kaniko_sa",
            "module.jx.module.cluster.kubernetes_namespace.jenkins_x_namespace",
            "module.jx.module.cluster.kubernetes_service_account.tekton_sa",
            "module.jx.module.vault.google_kms_crypto_key.vault_crypto_key",
            "module.jx.module.vault.google_kms_key_ring.vault_keyring",
            "module.jx.module.backup.google_storage_bucket.backup_bucket",
            "module.jx.module.cluster.google_project_iam_member.tekton_sa_project_viewer_binding",
            "module.jx.module.cluster.google_service_account_iam_member.boot_sa_workload_identity_user",
            "module.jx.module.cluster.google_service_account_iam_member.tekton_sa_workload_identity_user",
            "module.jx.module.vault.google_project_iam_member.vault_sa_storage_object_admin_binding"
          ]
        }
      ]
    },
    {
      "module": "module.jx.module.vault[0]",
      "mode": "managed",
      "type": "google_kms_crypto_key",
      "name": "vault_crypto_key",
      "provider": "module.jx.provider[\"registry.terraform.io/hashicorp/google\"]",
      "instances": [
        {
          "index_key": 0,
          "schema_version": 1,
          "attributes": {
            "destroy_scheduled_duration": "86400s",
            "id": "projects/spring-asset-336120/locations/global/keyRings/keyring-tf-jx-bold-crane-cd457bdce809/cryptoKeys/crypto-key-tf-jx-bold-crane-cd457bdce809",
            "import_only": false,
            "key_ring": "projects/spring-asset-336120/locations/global/keyRings/keyring-tf-jx-bold-crane-cd457bdce809",
            "labels": {},
            "name": "crypto-key-tf-jx-bold-crane-cd457bdce809",
            "purpose": "ENCRYPT_DECRYPT",
            "rotation_period": "100000s",
            "self_link": "projects/spring-asset-336120/locations/global/keyRings/keyring-tf-jx-bold-crane-cd457bdce809/cryptoKeys/crypto-key-tf-jx-bold-crane-cd457bdce809",
            "skip_initial_version_creation": false,
            "timeouts": null,
            "version_template": [
              {
                "algorithm": "GOOGLE_SYMMETRIC_ENCRYPTION",
                "protection_level": "SOFTWARE"
              }
            ]
          },
          "sensitive_attributes": [],
          "private": "eyJlMmJmYjczMC1lY2FhLTExZTYtOGY4OC0zNDM2M2JjN2M0YzAiOnsiY3JlYXRlIjoyNDAwMDAwMDAwMDAsImRlbGV0ZSI6MjQwMDAwMDAwMDAwLCJ1cGRhdGUiOjI0MDAwMDAwMDAwMH0sInNjaGVtYV92ZXJzaW9uIjoiMSJ9",
          "dependencies": [
            "module.jx.module.vault.google_kms_key_ring.vault_keyring",
            "module.jx.module.vault.google_project_service.cloudkms_api",
            "module.jx.random_id.random",
            "module.jx.random_pet.current"
          ]
        }
      ]
    },
    {
      "module": "module.jx.module.vault[0]",
      "mode": "managed",
      "type": "google_kms_key_ring",
      "name": "vault_keyring",
      "provider": "module.jx.provider[\"registry.terraform.io/hashicorp/google\"]",
      "instances": [
        {
          "index_key": 0,
          "schema_version": 0,
          "attributes": {
            "id": "projects/spring-asset-336120/locations/global/keyRings/keyring-tf-jx-bold-crane-cd457bdce809",
            "location": "global",
            "name": "keyring-tf-jx-bold-crane-cd457bdce809",
            "project": "spring-asset-336120",
            "self_link": "projects/spring-asset-336120/locations/global/keyRings/keyring-tf-jx-bold-crane-cd457bdce809",
            "timeouts": null
          },
          "sensitive_attributes": [],
          "private": "eyJlMmJmYjczMC1lY2FhLTExZTYtOGY4OC0zNDM2M2JjN2M0YzAiOnsiY3JlYXRlIjoyNDAwMDAwMDAwMDAsImRlbGV0ZSI6MjQwMDAwMDAwMDAwfX0=",
          "dependencies": [
            "module.jx.module.vault.google_project_service.cloudkms_api",
            "module.jx.random_id.random",
            "module.jx.random_pet.current"
          ]
        }
      ]
    },
    {
      "module": "module.jx.module.vault[0]",
      "mode": "managed",
      "type": "google_project_iam_member",
      "name": "vault_sa_cloudkms_admin_binding",
      "provider": "module.jx.provider[\"registry.terraform.io/hashicorp/google\"]",
      "instances": [
        {
          "index_key": 0,
          "schema_version": 0,
          "attributes": {
            "condition": [],
            "etag": "BwXUlk6iaks=",
            "id": "spring-asset-336120/roles/cloudkms.admin/serviceAccount:tf-jx-bold-crane-vt@spring-asset-336120.iam.gserviceaccount.com",
            "member": "serviceAccount:tf-jx-bold-crane-vt@spring-asset-336120.iam.gserviceaccount.com",
            "project": "spring-asset-336120",
            "role": "roles/cloudkms.admin"
          },
          "sensitive_attributes": [],
          "private": "bnVsbA==",
          "dependencies": [
            "module.jx.module.vault.google_service_account.vault_sa",
            "module.jx.random_pet.current"
          ]
        }
      ]
    },
    {
      "module": "module.jx.module.vault[0]",
      "mode": "managed",
      "type": "google_project_iam_member",
      "name": "vault_sa_cloudkms_crypto_binding",
      "provider": "module.jx.provider[\"registry.terraform.io/hashicorp/google\"]",
      "instances": [
        {
          "index_key": 0,
          "schema_version": 0,
          "attributes": {
            "condition": [],
            "etag": "BwXUlk6iaks=",
            "id": "spring-asset-336120/roles/cloudkms.cryptoKeyEncrypterDecrypter/serviceAccount:tf-jx-bold-crane-vt@spring-asset-336120.iam.gserviceaccount.com",
            "member": "serviceAccount:tf-jx-bold-crane-vt@spring-asset-336120.iam.gserviceaccount.com",
            "project": "spring-asset-336120",
            "role": "roles/cloudkms.cryptoKeyEncrypterDecrypter"
          },
          "sensitive_attributes": [],
          "private": "bnVsbA==",
          "dependencies": [
            "module.jx.module.vault.google_service_account.vault_sa",
            "module.jx.random_pet.current"
          ]
        }
      ]
    },
    {
      "module": "module.jx.module.vault[0]",
      "mode": "managed",
      "type": "google_project_iam_member",
      "name": "vault_sa_storage_object_admin_binding",
      "provider": "module.jx.provider[\"registry.terraform.io/hashicorp/google\"]",
      "instances": [
        {
          "index_key": 0,
          "schema_version": 0,
          "attributes": {
            "condition": [],
            "etag": "BwXUlk6iaks=",
            "id": "spring-asset-336120/roles/storage.objectAdmin/serviceAccount:tf-jx-bold-crane-vt@spring-asset-336120.iam.gserviceaccount.com",
            "member": "serviceAccount:tf-jx-bold-crane-vt@spring-asset-336120.iam.gserviceaccount.com",
            "project": "spring-asset-336120",
            "role": "roles/storage.objectAdmin"
          },
          "sensitive_attributes": [],
          "private": "bnVsbA==",
          "dependencies": [
            "module.jx.module.vault.google_service_account.vault_sa",
            "module.jx.random_pet.current"
          ]
        }
      ]
    },
    {
      "module": "module.jx.module.vault[0]",
      "mode": "managed",
      "type": "google_project_service",
      "name": "cloudkms_api",
      "provider": "module.jx.provider[\"registry.terraform.io/hashicorp/google\"]",
      "instances": [
        {
          "index_key": 0,
          "schema_version": 0,
          "attributes": {
            "disable_dependent_services": null,
            "disable_on_destroy": false,
            "id": "spring-asset-336120/cloudkms.googleapis.com",
            "project": "spring-asset-336120",
            "service": "cloudkms.googleapis.com",
            "timeouts": null
          },
          "sensitive_attributes": [],
          "private": "eyJlMmJmYjczMC1lY2FhLTExZTYtOGY4OC0zNDM2M2JjN2M0YzAiOnsiY3JlYXRlIjoxMjAwMDAwMDAwMDAwLCJkZWxldGUiOjEyMDAwMDAwMDAwMDAsInJlYWQiOjYwMDAwMDAwMDAwMCwidXBkYXRlIjoxMjAwMDAwMDAwMDAwfX0="
        }
      ]
    },
    {
      "module": "module.jx.module.vault[0]",
      "mode": "managed",
      "type": "google_service_account",
      "name": "vault_sa",
      "provider": "module.jx.provider[\"registry.terraform.io/hashicorp/google\"]",
      "instances": [
        {
          "index_key": 0,
          "schema_version": 0,
          "attributes": {
            "account_id": "tf-jx-bold-crane-vt",
            "description": "",
            "disabled": false,
            "display_name": "Vault service account for cluster tf-jx-bold-crane",
            "email": "tf-jx-bold-crane-vt@spring-asset-336120.iam.gserviceaccount.com",
            "id": "projects/spring-asset-336120/serviceAccounts/tf-jx-bold-crane-vt@spring-asset-336120.iam.gserviceaccount.com",
            "name": "projects/spring-asset-336120/serviceAccounts/tf-jx-bold-crane-vt@spring-asset-336120.iam.gserviceaccount.com",
            "project": "spring-asset-336120",
            "timeouts": null,
            "unique_id": "101249246504108456935"
          },
          "sensitive_attributes": [],
          "private": "eyJlMmJmYjczMC1lY2FhLTExZTYtOGY4OC0zNDM2M2JjN2M0YzAiOnsiY3JlYXRlIjozMDAwMDAwMDAwMDB9fQ==",
          "dependencies": [
            "module.jx.random_pet.current"
          ]
        }
      ]
    },
    {
      "module": "module.jx.module.vault[0]",
      "mode": "managed",
      "type": "google_service_account_iam_member",
      "name": "vault_auth_workload_identity_user",
      "provider": "module.jx.provider[\"registry.terraform.io/hashicorp/google\"]",
      "instances": [
        {
          "index_key": 0,
          "schema_version": 0,
          "attributes": {
            "condition": [],
            "etag": "BwXUlfqqx30=",
            "id": "projects/spring-asset-336120/serviceAccounts/tf-jx-bold-crane-vt@spring-asset-336120.iam.gserviceaccount.com/roles/iam.workloadIdentityUser/serviceAccount:spring-asset-336120.svc.id.goog[jx/vault-auth]",
            "member": "serviceAccount:spring-asset-336120.svc.id.goog[jx/vault-auth]",
            "role": "roles/iam.workloadIdentityUser",
            "service_account_id": "projects/spring-asset-336120/serviceAccounts/tf-jx-bold-crane-vt@spring-asset-336120.iam.gserviceaccount.com"
          },
          "sensitive_attributes": [],
          "private": "bnVsbA==",
          "dependencies": [
            "module.jx.module.vault.google_service_account.vault_sa",
            "module.jx.random_pet.current"
          ]
        }
      ]
    },
    {
      "module": "module.jx.module.vault[0]",
      "mode": "managed",
      "type": "google_service_account_iam_member",
      "name": "vault_operator_workload_identity_user",
      "provider": "module.jx.provider[\"registry.terraform.io/hashicorp/google\"]",
      "instances": [
        {
          "index_key": 0,
          "schema_version": 0,
          "attributes": {
            "condition": [],
            "etag": "BwXUlfqqx30=",
            "id": "projects/spring-asset-336120/serviceAccounts/tf-jx-bold-crane-vt@spring-asset-336120.iam.gserviceaccount.com/roles/iam.workloadIdentityUser/serviceAccount:spring-asset-336120.svc.id.goog[jx/tf-jx-bold-crane-vt]",
            "member": "serviceAccount:spring-asset-336120.svc.id.goog[jx/tf-jx-bold-crane-vt]",
            "role": "roles/iam.workloadIdentityUser",
            "service_account_id": "projects/spring-asset-336120/serviceAccounts/tf-jx-bold-crane-vt@spring-asset-336120.iam.gserviceaccount.com"
          },
          "sensitive_attributes": [],
          "private": "bnVsbA==",
          "dependencies": [
            "module.jx.module.vault.google_service_account.vault_sa",
            "module.jx.random_pet.current"
          ]
        }
      ]
    },
    {
      "module": "module.jx.module.vault[0]",
      "mode": "managed",
      "type": "google_storage_bucket",
      "name": "vault_bucket",
      "provider": "module.jx.provider[\"registry.terraform.io/hashicorp/google\"]",
      "instances": [
        {
          "index_key": 0,
          "schema_version": 0,
          "attributes": {
            "bucket_policy_only": false,
            "cors": [],
            "default_event_based_hold": false,
            "encryption": [],
            "force_destroy": false,
            "id": "vault-tf-jx-bold-crane-cd457bdce809",
            "labels": {},
            "lifecycle_rule": [],
            "location": "US",
            "logging": [],
            "name": "vault-tf-jx-bold-crane-cd457bdce809",
            "project": "spring-asset-336120",
            "requester_pays": false,
            "retention_policy": [],
            "self_link": "https://www.googleapis.com/storage/v1/b/vault-tf-jx-bold-crane-cd457bdce809",
            "storage_class": "STANDARD",
            "uniform_bucket_level_access": false,
            "url": "gs://vault-tf-jx-bold-crane-cd457bdce809",
            "versioning": [],
            "website": []
          },
          "sensitive_attributes": [],
          "private": "bnVsbA==",
          "dependencies": [
            "module.jx.random_pet.current",
            "module.jx.random_id.random"
          ]
        }
      ]
    }
  ]
}
